// !$*UTF8*$!
{
	archiveVersion = 1;
	classes = {
	};
	objectVersion = 52;
	objects = {

/* Begin PBXBuildFile section */
		E30005BC210C771D007E6CF2 /* BIOBranchOptions.h in Headers */ = {isa = PBXBuildFile; fileRef = E30005BA210C771D007E6CF2 /* BIOBranchOptions.h */; };
		E30005BD210C771D007E6CF2 /* BIOBranchOptions.m in Sources */ = {isa = PBXBuildFile; fileRef = E30005BB210C771D007E6CF2 /* BIOBranchOptions.m */; };
		E3244A9C1FAC0B8700EB5924 /* BIOBranchController.h in Headers */ = {isa = PBXBuildFile; fileRef = E3244A9A1FAC0B8700EB5924 /* BIOBranchController.h */; };
		E3244A9D1FAC0B8700EB5924 /* BIOBranchController.m in Sources */ = {isa = PBXBuildFile; fileRef = E3244A9B1FAC0B8700EB5924 /* BIOBranchController.m */; };
		E33E7EBF211447BC0088FA15 /* BIOBranchEvent.h in Headers */ = {isa = PBXBuildFile; fileRef = E33E7EBD211447BC0088FA15 /* BIOBranchEvent.h */; };
		E33E7EC0211447BC0088FA15 /* BIOBranchEvent.m in Sources */ = {isa = PBXBuildFile; fileRef = E33E7EBE211447BC0088FA15 /* BIOBranchEvent.m */; };
		E33E7EC321144A750088FA15 /* BIOBranchCreditsEvent.h in Headers */ = {isa = PBXBuildFile; fileRef = E33E7EC121144A750088FA15 /* BIOBranchCreditsEvent.h */; };
		E33E7EC421144A750088FA15 /* BIOBranchCreditsEvent.m in Sources */ = {isa = PBXBuildFile; fileRef = E33E7EC221144A750088FA15 /* BIOBranchCreditsEvent.m */; };
		E33ED8AA1BBD15AE00D23A8C /* BIOBranchContext.h in Headers */ = {isa = PBXBuildFile; fileRef = E33ED8A91BBD15AE00D23A8C /* BIOBranchContext.h */; };
		E34144302102F0C400FA0F27 /* BIOTypeConversion.h in Headers */ = {isa = PBXBuildFile; fileRef = E341442B2102F0C400FA0F27 /* BIOTypeConversion.h */; };
		E34144332102F0C400FA0F27 /* BIOTypeConversion.m in Sources */ = {isa = PBXBuildFile; fileRef = E341442E2102F0C400FA0F27 /* BIOTypeConversion.m */; };
		E34930F9251853150038F860 /* CoreNativeExtension.xcframework in Frameworks */ = {isa = PBXBuildFile; fileRef = E34930F8251853150038F860 /* CoreNativeExtension.xcframework */; };
		E34931972518538A0038F860 /* BNCTuneUtility.h in Headers */ = {isa = PBXBuildFile; fileRef = E34930FD2518538A0038F860 /* BNCTuneUtility.h */; };
		E34931982518538A0038F860 /* BNCLinkData.h in Headers */ = {isa = PBXBuildFile; fileRef = E34930FE2518538A0038F860 /* BNCLinkData.h */; };
		E34931992518538A0038F860 /* BranchDelegate.h in Headers */ = {isa = PBXBuildFile; fileRef = E34930FF2518538A0038F860 /* BranchDelegate.h */; };
		E349319A2518538A0038F860 /* NSError+Branch.m in Sources */ = {isa = PBXBuildFile; fileRef = E34931002518538A0038F860 /* NSError+Branch.m */; };
		E349319B2518538A0038F860 /* BNCKeyChain.h in Headers */ = {isa = PBXBuildFile; fileRef = E34931012518538A0038F860 /* BNCKeyChain.h */; };
		E349319C2518538A0038F860 /* BNCUserAgentCollector.m in Sources */ = {isa = PBXBuildFile; fileRef = E34931022518538A0038F860 /* BNCUserAgentCollector.m */; };
		E349319D2518538A0038F860 /* BNCFacebookAppLinks.m in Sources */ = {isa = PBXBuildFile; fileRef = E34931032518538A0038F860 /* BNCFacebookAppLinks.m */; };
		E349319E2518538A0038F860 /* BNCEncodingUtils.m in Sources */ = {isa = PBXBuildFile; fileRef = E34931042518538A0038F860 /* BNCEncodingUtils.m */; };
		E349319F2518538A0038F860 /* BranchUniversalObject.m in Sources */ = {isa = PBXBuildFile; fileRef = E34931052518538A0038F860 /* BranchUniversalObject.m */; };
		E34931A02518538A0038F860 /* BNCApplication.m in Sources */ = {isa = PBXBuildFile; fileRef = E34931062518538A0038F860 /* BNCApplication.m */; };
		E34931A12518538A0038F860 /* BNCDeviceSystem.m in Sources */ = {isa = PBXBuildFile; fileRef = E34931072518538A0038F860 /* BNCDeviceSystem.m */; };
		E34931A22518538A0038F860 /* NSMutableDictionary+Branch.m in Sources */ = {isa = PBXBuildFile; fileRef = E34931082518538A0038F860 /* NSMutableDictionary+Branch.m */; };
		E34931A32518538A0038F860 /* BNCServerRequestQueue.m in Sources */ = {isa = PBXBuildFile; fileRef = E34931092518538A0038F860 /* BNCServerRequestQueue.m */; };
		E34931A42518538A0038F860 /* BNCTelephony.h in Headers */ = {isa = PBXBuildFile; fileRef = E349310A2518538A0038F860 /* BNCTelephony.h */; };
		E34931A52518538A0038F860 /* BranchActivityItemProvider.h in Headers */ = {isa = PBXBuildFile; fileRef = E349310B2518538A0038F860 /* BranchActivityItemProvider.h */; };
		E34931A62518538A0038F860 /* BranchCSSearchableItemAttributeSet.h in Headers */ = {isa = PBXBuildFile; fileRef = E349310C2518538A0038F860 /* BranchCSSearchableItemAttributeSet.h */; };
		E34931A72518538A0038F860 /* BranchLogoutRequest.m in Sources */ = {isa = PBXBuildFile; fileRef = E349310D2518538A0038F860 /* BranchLogoutRequest.m */; };
		E34931A82518538A0038F860 /* BranchCPIDRequest.h in Headers */ = {isa = PBXBuildFile; fileRef = E349310E2518538A0038F860 /* BranchCPIDRequest.h */; };
		E34931A92518538A0038F860 /* BNCDebug.m in Sources */ = {isa = PBXBuildFile; fileRef = E349310F2518538A0038F860 /* BNCDebug.m */; };
		E34931AA2518538A0038F860 /* BranchLinkProperties.h in Headers */ = {isa = PBXBuildFile; fileRef = E34931102518538A0038F860 /* BranchLinkProperties.h */; };
		E34931AB2518538A0038F860 /* BNCAppleReceipt.h in Headers */ = {isa = PBXBuildFile; fileRef = E34931112518538A0038F860 /* BNCAppleReceipt.h */; };
		E34931AC2518538A0038F860 /* BNCDeepLinkViewControllerInstance.m in Sources */ = {isa = PBXBuildFile; fileRef = E34931122518538A0038F860 /* BNCDeepLinkViewControllerInstance.m */; };
		E34931AD2518538A0038F860 /* BranchScene.m in Sources */ = {isa = PBXBuildFile; fileRef = E34931132518538A0038F860 /* BranchScene.m */; };
		E34931AE2518538A0038F860 /* BNCContentDiscoveryManager.m in Sources */ = {isa = PBXBuildFile; fileRef = E34931142518538A0038F860 /* BNCContentDiscoveryManager.m */; };
		E34931AF2518538A0038F860 /* Branch+Validator.m in Sources */ = {isa = PBXBuildFile; fileRef = E34931152518538A0038F860 /* Branch+Validator.m */; };
		E34931B02518538A0038F860 /* BranchContentPathProperties.h in Headers */ = {isa = PBXBuildFile; fileRef = E34931162518538A0038F860 /* BranchContentPathProperties.h */; };
		E34931B12518538A0038F860 /* BranchInstallRequest.m in Sources */ = {isa = PBXBuildFile; fileRef = E34931172518538A0038F860 /* BranchInstallRequest.m */; };
		E34931B22518538A0038F860 /* NSString+Branch.m in Sources */ = {isa = PBXBuildFile; fileRef = E34931182518538A0038F860 /* NSString+Branch.m */; };
		E34931B32518538A0038F860 /* BNCSystemObserver.m in Sources */ = {isa = PBXBuildFile; fileRef = E34931192518538A0038F860 /* BNCSystemObserver.m */; };
		E34931B42518538A0038F860 /* BranchCreditHistoryRequest.h in Headers */ = {isa = PBXBuildFile; fileRef = E349311A2518538A0038F860 /* BranchCreditHistoryRequest.h */; };
		E34931B52518538A0038F860 /* BNCCommerceEvent.m in Sources */ = {isa = PBXBuildFile; fileRef = E349311B2518538A0038F860 /* BNCCommerceEvent.m */; };
		E34931B62518538A0038F860 /* BranchSetIdentityRequest.m in Sources */ = {isa = PBXBuildFile; fileRef = E349311C2518538A0038F860 /* BranchSetIdentityRequest.m */; };
		E34931B72518538A0038F860 /* BNCSKAdNetwork.h in Headers */ = {isa = PBXBuildFile; fileRef = E349311D2518538A0038F860 /* BNCSKAdNetwork.h */; };
		E34931B82518538A0038F860 /* BNCThreads.m in Sources */ = {isa = PBXBuildFile; fileRef = E349311E2518538A0038F860 /* BNCThreads.m */; };
		E34931B92518538A0038F860 /* BranchLastAttributedTouchData.h in Headers */ = {isa = PBXBuildFile; fileRef = E349311F2518538A0038F860 /* BranchLastAttributedTouchData.h */; };
		E34931BA2518538A0038F860 /* BranchUserCompletedActionRequest.m in Sources */ = {isa = PBXBuildFile; fileRef = E34931202518538A0038F860 /* BranchUserCompletedActionRequest.m */; };
		E34931BB2518538A0038F860 /* BranchRegisterViewRequest.m in Sources */ = {isa = PBXBuildFile; fileRef = E34931212518538A0038F860 /* BranchRegisterViewRequest.m */; };
		E34931BC2518538A0038F860 /* BNCServerRequest.m in Sources */ = {isa = PBXBuildFile; fileRef = E34931222518538A0038F860 /* BNCServerRequest.m */; };
		E34931BD2518538A0038F860 /* BNCNetworkInterface.m in Sources */ = {isa = PBXBuildFile; fileRef = E34931232518538A0038F860 /* BNCNetworkInterface.m */; };
		E34931BE2518538A0038F860 /* BNCAvailability.h in Headers */ = {isa = PBXBuildFile; fileRef = E34931242518538A0038F860 /* BNCAvailability.h */; };
		E34931BF2518538A0038F860 /* BNCJSONUtility.h in Headers */ = {isa = PBXBuildFile; fileRef = E34931252518538A0038F860 /* BNCJSONUtility.h */; };
		E34931C02518538A0038F860 /* Branch.h in Headers */ = {isa = PBXBuildFile; fileRef = E34931262518538A0038F860 /* Branch.h */; };
		E34931C12518538A0038F860 /* BNCServerResponse.h in Headers */ = {isa = PBXBuildFile; fileRef = E34931272518538A0038F860 /* BNCServerResponse.h */; };
		E34931C22518538A0038F860 /* BNCPreferenceHelper.m in Sources */ = {isa = PBXBuildFile; fileRef = E34931282518538A0038F860 /* BNCPreferenceHelper.m */; };
		E34931C32518538A0038F860 /* BNCCallbacks.h in Headers */ = {isa = PBXBuildFile; fileRef = E34931292518538A0038F860 /* BNCCallbacks.h */; };
		E34931C42518538A0038F860 /* BNCAppleAdClient.h in Headers */ = {isa = PBXBuildFile; fileRef = E349312A2518538A0038F860 /* BNCAppleAdClient.h */; };
		E34931C52518538A0038F860 /* BranchCloseRequest.m in Sources */ = {isa = PBXBuildFile; fileRef = E349312B2518538A0038F860 /* BranchCloseRequest.m */; };
		E34931C62518538A0038F860 /* UIViewController+Branch.h in Headers */ = {isa = PBXBuildFile; fileRef = E349312C2518538A0038F860 /* UIViewController+Branch.h */; };
		E34931C72518538A0038F860 /* BranchCrossPlatformID.h in Headers */ = {isa = PBXBuildFile; fileRef = E349312D2518538A0038F860 /* BranchCrossPlatformID.h */; };
		E34931C82518538A0038F860 /* BranchShareLink.h in Headers */ = {isa = PBXBuildFile; fileRef = E349312E2518538A0038F860 /* BranchShareLink.h */; };
		E34931C92518538A0038F860 /* BNCFieldDefines.h in Headers */ = {isa = PBXBuildFile; fileRef = E349312F2518538A0038F860 /* BNCFieldDefines.h */; };
		E34931CA2518538A0038F860 /* BNCConfig.m in Sources */ = {isa = PBXBuildFile; fileRef = E34931302518538A0038F860 /* BNCConfig.m */; };
		E34931CB2518538A0038F860 /* BranchConstants.m in Sources */ = {isa = PBXBuildFile; fileRef = E34931312518538A0038F860 /* BranchConstants.m */; };
		E34931CC2518538A0038F860 /* BNCSpotlightService.h in Headers */ = {isa = PBXBuildFile; fileRef = E34931322518538A0038F860 /* BNCSpotlightService.h */; };
		E34931CD2518538A0038F860 /* BranchContentDiscoveryManifest.m in Sources */ = {isa = PBXBuildFile; fileRef = E34931332518538A0038F860 /* BranchContentDiscoveryManifest.m */; };
		E34931CE2518538A0038F860 /* BNCLocale.m in Sources */ = {isa = PBXBuildFile; fileRef = E34931342518538A0038F860 /* BNCLocale.m */; };
		E34931CF2518538A0038F860 /* BranchRedeemRewardsRequest.h in Headers */ = {isa = PBXBuildFile; fileRef = E34931352518538A0038F860 /* BranchRedeemRewardsRequest.h */; };
		E34931D02518538A0038F860 /* BranchSpotlightUrlRequest.m in Sources */ = {isa = PBXBuildFile; fileRef = E34931362518538A0038F860 /* BranchSpotlightUrlRequest.m */; };
		E34931D12518538A0038F860 /* BNCLog.m in Sources */ = {isa = PBXBuildFile; fileRef = E34931372518538A0038F860 /* BNCLog.m */; };
		E34931D22518538A0038F860 /* BNCAppleSearchAds.m in Sources */ = {isa = PBXBuildFile; fileRef = E34931382518538A0038F860 /* BNCAppleSearchAds.m */; };
		E34931D32518538A0038F860 /* BranchContentDiscoverer.m in Sources */ = {isa = PBXBuildFile; fileRef = E34931392518538A0038F860 /* BranchContentDiscoverer.m */; };
		E34931D42518538A0038F860 /* BNCDeviceInfo.m in Sources */ = {isa = PBXBuildFile; fileRef = E349313A2518538A0038F860 /* BNCDeviceInfo.m */; };
		E34931D52518538A0038F860 /* BNCLinkCache.h in Headers */ = {isa = PBXBuildFile; fileRef = E349313B2518538A0038F860 /* BNCLinkCache.h */; };
		E34931D62518538A0038F860 /* BNCInitSessionResponse.h in Headers */ = {isa = PBXBuildFile; fileRef = E349313C2518538A0038F860 /* BNCInitSessionResponse.h */; };
		E34931D72518538A0038F860 /* BNCNetworkService.m in Sources */ = {isa = PBXBuildFile; fileRef = E349313D2518538A0038F860 /* BNCNetworkService.m */; };
		E34931D82518538A0038F860 /* BNCReachability.m in Sources */ = {isa = PBXBuildFile; fileRef = E349313E2518538A0038F860 /* BNCReachability.m */; };
		E34931D92518538A0038F860 /* BNCCallbackMap.h in Headers */ = {isa = PBXBuildFile; fileRef = E349313F2518538A0038F860 /* BNCCallbackMap.h */; };
		E34931DA2518538A0038F860 /* BNCURLBlackList.m in Sources */ = {isa = PBXBuildFile; fileRef = E34931402518538A0038F860 /* BNCURLBlackList.m */; };
		E34931DB2518538A0038F860 /* BNCLocalization.h in Headers */ = {isa = PBXBuildFile; fileRef = E34931412518538A0038F860 /* BNCLocalization.h */; };
		E34931DC2518538A0038F860 /* BranchLoadRewardsRequest.m in Sources */ = {isa = PBXBuildFile; fileRef = E34931422518538A0038F860 /* BranchLoadRewardsRequest.m */; };
		E34931DD2518538A0038F860 /* BranchShortUrlSyncRequest.h in Headers */ = {isa = PBXBuildFile; fileRef = E34931432518538A0038F860 /* BranchShortUrlSyncRequest.h */; };
		E34931DE2518538A0038F860 /* BNCCrashlyticsWrapper.m in Sources */ = {isa = PBXBuildFile; fileRef = E34931442518538A0038F860 /* BNCCrashlyticsWrapper.m */; };
		E34931DF2518538A0038F860 /* BNCServerInterface.m in Sources */ = {isa = PBXBuildFile; fileRef = E34931452518538A0038F860 /* BNCServerInterface.m */; };
		E34931E02518538A0038F860 /* BranchLATDRequest.m in Sources */ = {isa = PBXBuildFile; fileRef = E34931462518538A0038F860 /* BranchLATDRequest.m */; };
		E34931E12518538A0038F860 /* BranchOpenRequest.h in Headers */ = {isa = PBXBuildFile; fileRef = E34931472518538A0038F860 /* BranchOpenRequest.h */; };
		E34931E22518538A0038F860 /* BranchShortUrlRequest.h in Headers */ = {isa = PBXBuildFile; fileRef = E34931482518538A0038F860 /* BranchShortUrlRequest.h */; };
		E34931E32518538A0038F860 /* BranchEvent.h in Headers */ = {isa = PBXBuildFile; fileRef = E34931492518538A0038F860 /* BranchEvent.h */; };
		E34931E42518538A0038F860 /* BNCNetworkServiceProtocol.h in Headers */ = {isa = PBXBuildFile; fileRef = E349314A2518538A0038F860 /* BNCNetworkServiceProtocol.h */; };
		E34931E52518538A0038F860 /* BranchCPIDRequest.m in Sources */ = {isa = PBXBuildFile; fileRef = E349314B2518538A0038F860 /* BranchCPIDRequest.m */; };
		E34931E62518538A0038F860 /* BranchLogoutRequest.h in Headers */ = {isa = PBXBuildFile; fileRef = E349314C2518538A0038F860 /* BranchLogoutRequest.h */; };
		E34931E72518538A0038F860 /* BNCDebug.h in Headers */ = {isa = PBXBuildFile; fileRef = E349314D2518538A0038F860 /* BNCDebug.h */; };
		E34931E82518538A0038F860 /* BranchCSSearchableItemAttributeSet.m in Sources */ = {isa = PBXBuildFile; fileRef = E349314E2518538A0038F860 /* BranchCSSearchableItemAttributeSet.m */; };
		E34931E92518538A0038F860 /* BranchActivityItemProvider.m in Sources */ = {isa = PBXBuildFile; fileRef = E349314F2518538A0038F860 /* BranchActivityItemProvider.m */; };
		E34931EA2518538A0038F860 /* BNCServerRequestQueue.h in Headers */ = {isa = PBXBuildFile; fileRef = E34931502518538A0038F860 /* BNCServerRequestQueue.h */; };
		E34931EB2518538A0038F860 /* BNCTelephony.m in Sources */ = {isa = PBXBuildFile; fileRef = E34931512518538A0038F860 /* BNCTelephony.m */; };
		E34931EC2518538A0038F860 /* BNCApplication.h in Headers */ = {isa = PBXBuildFile; fileRef = E34931522518538A0038F860 /* BNCApplication.h */; };
		E34931ED2518538A0038F860 /* NSMutableDictionary+Branch.h in Headers */ = {isa = PBXBuildFile; fileRef = E34931532518538A0038F860 /* NSMutableDictionary+Branch.h */; };
		E34931EE2518538A0038F860 /* BNCDeviceSystem.h in Headers */ = {isa = PBXBuildFile; fileRef = E34931542518538A0038F860 /* BNCDeviceSystem.h */; };
		E34931EF2518538A0038F860 /* BranchUniversalObject.h in Headers */ = {isa = PBXBuildFile; fileRef = E34931552518538A0038F860 /* BranchUniversalObject.h */; };
		E34931F02518538A0038F860 /* BNCUserAgentCollector.h in Headers */ = {isa = PBXBuildFile; fileRef = E34931562518538A0038F860 /* BNCUserAgentCollector.h */; };
		E34931F12518538A0038F860 /* BNCFacebookAppLinks.h in Headers */ = {isa = PBXBuildFile; fileRef = E34931572518538A0038F860 /* BNCFacebookAppLinks.h */; };
		E34931F22518538A0038F860 /* BNCEncodingUtils.h in Headers */ = {isa = PBXBuildFile; fileRef = E34931582518538A0038F860 /* BNCEncodingUtils.h */; };
		E34931F32518538A0038F860 /* BNCKeyChain.m in Sources */ = {isa = PBXBuildFile; fileRef = E34931592518538A0038F860 /* BNCKeyChain.m */; };
		E34931F42518538A0038F860 /* NSError+Branch.h in Headers */ = {isa = PBXBuildFile; fileRef = E349315A2518538A0038F860 /* NSError+Branch.h */; };
		E34931F52518538A0038F860 /* BNCTuneUtility.m in Sources */ = {isa = PBXBuildFile; fileRef = E349315B2518538A0038F860 /* BNCTuneUtility.m */; };
		E34931F62518538A0038F860 /* BranchDelegate.m in Sources */ = {isa = PBXBuildFile; fileRef = E349315C2518538A0038F860 /* BranchDelegate.m */; };
		E34931F72518538A0038F860 /* BNCLinkData.m in Sources */ = {isa = PBXBuildFile; fileRef = E349315D2518538A0038F860 /* BNCLinkData.m */; };
		E34931F82518538A0038F860 /* Branch.m in Sources */ = {isa = PBXBuildFile; fileRef = E349315E2518538A0038F860 /* Branch.m */; };
		E34931F92518538A0038F860 /* BNCAvailability.m in Sources */ = {isa = PBXBuildFile; fileRef = E349315F2518538A0038F860 /* BNCAvailability.m */; };
		E34931FA2518538A0038F860 /* BNCJSONUtility.m in Sources */ = {isa = PBXBuildFile; fileRef = E34931602518538A0038F860 /* BNCJSONUtility.m */; };
		E34931FB2518538A0038F860 /* BNCServerRequest.h in Headers */ = {isa = PBXBuildFile; fileRef = E34931612518538A0038F860 /* BNCServerRequest.h */; };
		E34931FC2518538A0038F860 /* BNCNetworkInterface.h in Headers */ = {isa = PBXBuildFile; fileRef = E34931622518538A0038F860 /* BNCNetworkInterface.h */; };
		E34931FD2518538A0038F860 /* BranchUserCompletedActionRequest.h in Headers */ = {isa = PBXBuildFile; fileRef = E34931632518538A0038F860 /* BranchUserCompletedActionRequest.h */; };
		E34931FE2518538A0038F860 /* BranchRegisterViewRequest.h in Headers */ = {isa = PBXBuildFile; fileRef = E34931642518538A0038F860 /* BranchRegisterViewRequest.h */; };
		E34931FF2518538A0038F860 /* BranchDeepLinkingController.h in Headers */ = {isa = PBXBuildFile; fileRef = E34931652518538A0038F860 /* BranchDeepLinkingController.h */; };
		E34932002518538A0038F860 /* BranchLastAttributedTouchData.m in Sources */ = {isa = PBXBuildFile; fileRef = E34931662518538A0038F860 /* BranchLastAttributedTouchData.m */; };
		E34932012518538A0038F860 /* BNCThreads.h in Headers */ = {isa = PBXBuildFile; fileRef = E34931672518538A0038F860 /* BNCThreads.h */; };
		E34932022518538A0038F860 /* BranchCreditHistoryRequest.m in Sources */ = {isa = PBXBuildFile; fileRef = E34931682518538A0038F860 /* BranchCreditHistoryRequest.m */; };
		E34932032518538A0038F860 /* BNCSystemObserver.h in Headers */ = {isa = PBXBuildFile; fileRef = E34931692518538A0038F860 /* BNCSystemObserver.h */; };
		E34932042518538A0038F860 /* BNCCommerceEvent.h in Headers */ = {isa = PBXBuildFile; fileRef = E349316A2518538A0038F860 /* BNCCommerceEvent.h */; };
		E34932052518538A0038F860 /* BranchSetIdentityRequest.h in Headers */ = {isa = PBXBuildFile; fileRef = E349316B2518538A0038F860 /* BranchSetIdentityRequest.h */; };
		E34932062518538A0038F860 /* BNCSKAdNetwork.m in Sources */ = {isa = PBXBuildFile; fileRef = E349316C2518538A0038F860 /* BNCSKAdNetwork.m */; };
		E34932072518538A0038F860 /* NSString+Branch.h in Headers */ = {isa = PBXBuildFile; fileRef = E349316D2518538A0038F860 /* NSString+Branch.h */; };
		E34932082518538A0038F860 /* BranchInstallRequest.h in Headers */ = {isa = PBXBuildFile; fileRef = E349316E2518538A0038F860 /* BranchInstallRequest.h */; };
		E34932092518538A0038F860 /* BranchContentPathProperties.m in Sources */ = {isa = PBXBuildFile; fileRef = E349316F2518538A0038F860 /* BranchContentPathProperties.m */; };
		E349320A2518538A0038F860 /* Branch+Validator.h in Headers */ = {isa = PBXBuildFile; fileRef = E34931702518538A0038F860 /* Branch+Validator.h */; };
		E349320B2518538A0038F860 /* BNCAppleReceipt.m in Sources */ = {isa = PBXBuildFile; fileRef = E34931712518538A0038F860 /* BNCAppleReceipt.m */; };
		E349320C2518538A0038F860 /* BranchLinkProperties.m in Sources */ = {isa = PBXBuildFile; fileRef = E34931722518538A0038F860 /* BranchLinkProperties.m */; };
		E349320D2518538A0038F860 /* BNCDeepLinkViewControllerInstance.h in Headers */ = {isa = PBXBuildFile; fileRef = E34931732518538A0038F860 /* BNCDeepLinkViewControllerInstance.h */; };
		E349320E2518538A0038F860 /* BranchScene.h in Headers */ = {isa = PBXBuildFile; fileRef = E34931742518538A0038F860 /* BranchScene.h */; };
		E349320F2518538A0038F860 /* BNCContentDiscoveryManager.h in Headers */ = {isa = PBXBuildFile; fileRef = E34931752518538A0038F860 /* BNCContentDiscoveryManager.h */; };
		E34932102518538A0038F860 /* BNCInitSessionResponse.m in Sources */ = {isa = PBXBuildFile; fileRef = E34931762518538A0038F860 /* BNCInitSessionResponse.m */; };
		E34932112518538A0038F860 /* BNCDeviceInfo.h in Headers */ = {isa = PBXBuildFile; fileRef = E34931772518538A0038F860 /* BNCDeviceInfo.h */; };
		E34932122518538A0038F860 /* BNCLinkCache.m in Sources */ = {isa = PBXBuildFile; fileRef = E34931782518538A0038F860 /* BNCLinkCache.m */; };
		E34932132518538A0038F860 /* BNCLog.h in Headers */ = {isa = PBXBuildFile; fileRef = E34931792518538A0038F860 /* BNCLog.h */; };
		E34932142518538A0038F860 /* BNCAppleSearchAds.h in Headers */ = {isa = PBXBuildFile; fileRef = E349317A2518538A0038F860 /* BNCAppleSearchAds.h */; };
		E34932152518538A0038F860 /* BranchContentDiscoverer.h in Headers */ = {isa = PBXBuildFile; fileRef = E349317B2518538A0038F860 /* BranchContentDiscoverer.h */; };
		E34932162518538A0038F860 /* BranchRedeemRewardsRequest.m in Sources */ = {isa = PBXBuildFile; fileRef = E349317C2518538A0038F860 /* BranchRedeemRewardsRequest.m */; };
		E34932172518538A0038F860 /* BNCLocale.h in Headers */ = {isa = PBXBuildFile; fileRef = E349317D2518538A0038F860 /* BNCLocale.h */; };
		E34932182518538A0038F860 /* BranchSpotlightUrlRequest.h in Headers */ = {isa = PBXBuildFile; fileRef = E349317E2518538A0038F860 /* BranchSpotlightUrlRequest.h */; };
		E34932192518538A0038F860 /* BranchContentDiscoveryManifest.h in Headers */ = {isa = PBXBuildFile; fileRef = E349317F2518538A0038F860 /* BranchContentDiscoveryManifest.h */; };
		E349321A2518538A0038F860 /* BNCConfig.h in Headers */ = {isa = PBXBuildFile; fileRef = E34931802518538A0038F860 /* BNCConfig.h */; };
		E349321B2518538A0038F860 /* BranchConstants.h in Headers */ = {isa = PBXBuildFile; fileRef = E34931812518538A0038F860 /* BranchConstants.h */; };
		E349321C2518538A0038F860 /* BNCSpotlightService.m in Sources */ = {isa = PBXBuildFile; fileRef = E34931822518538A0038F860 /* BNCSpotlightService.m */; };
		E349321D2518538A0038F860 /* BranchShareLink.m in Sources */ = {isa = PBXBuildFile; fileRef = E34931832518538A0038F860 /* BranchShareLink.m */; };
		E349321E2518538A0038F860 /* BranchCrossPlatformID.m in Sources */ = {isa = PBXBuildFile; fileRef = E34931842518538A0038F860 /* BranchCrossPlatformID.m */; };
		E349321F2518538A0038F860 /* UIViewController+Branch.m in Sources */ = {isa = PBXBuildFile; fileRef = E34931852518538A0038F860 /* UIViewController+Branch.m */; };
		E34932202518538A0038F860 /* BranchCloseRequest.h in Headers */ = {isa = PBXBuildFile; fileRef = E34931862518538A0038F860 /* BranchCloseRequest.h */; };
		E34932212518538A0038F860 /* BNCAppleAdClient.m in Sources */ = {isa = PBXBuildFile; fileRef = E34931872518538A0038F860 /* BNCAppleAdClient.m */; };
		E34932222518538A0038F860 /* BNCPreferenceHelper.h in Headers */ = {isa = PBXBuildFile; fileRef = E34931882518538A0038F860 /* BNCPreferenceHelper.h */; };
		E34932232518538A0038F860 /* BNCServerResponse.m in Sources */ = {isa = PBXBuildFile; fileRef = E34931892518538A0038F860 /* BNCServerResponse.m */; };
		E34932242518538A0038F860 /* BranchEvent.m in Sources */ = {isa = PBXBuildFile; fileRef = E349318A2518538A0038F860 /* BranchEvent.m */; };
		E34932252518538A0038F860 /* BranchShortUrlRequest.m in Sources */ = {isa = PBXBuildFile; fileRef = E349318B2518538A0038F860 /* BranchShortUrlRequest.m */; };
		E34932262518538A0038F860 /* BranchOpenRequest.m in Sources */ = {isa = PBXBuildFile; fileRef = E349318C2518538A0038F860 /* BranchOpenRequest.m */; };
		E34932272518538A0038F860 /* BranchLATDRequest.h in Headers */ = {isa = PBXBuildFile; fileRef = E349318D2518538A0038F860 /* BranchLATDRequest.h */; };
		E34932282518538A0038F860 /* BNCCrashlyticsWrapper.h in Headers */ = {isa = PBXBuildFile; fileRef = E349318E2518538A0038F860 /* BNCCrashlyticsWrapper.h */; };
		E34932292518538A0038F860 /* BNCServerInterface.h in Headers */ = {isa = PBXBuildFile; fileRef = E349318F2518538A0038F860 /* BNCServerInterface.h */; };
		E349322A2518538A0038F860 /* BranchShortUrlSyncRequest.m in Sources */ = {isa = PBXBuildFile; fileRef = E34931902518538A0038F860 /* BranchShortUrlSyncRequest.m */; };
		E349322B2518538A0038F860 /* BranchLoadRewardsRequest.h in Headers */ = {isa = PBXBuildFile; fileRef = E34931912518538A0038F860 /* BranchLoadRewardsRequest.h */; };
		E349322C2518538A0038F860 /* BNCLocalization.m in Sources */ = {isa = PBXBuildFile; fileRef = E34931922518538A0038F860 /* BNCLocalization.m */; };
		E349322D2518538A0038F860 /* BNCCallbackMap.m in Sources */ = {isa = PBXBuildFile; fileRef = E34931932518538A0038F860 /* BNCCallbackMap.m */; };
		E349322E2518538A0038F860 /* BNCURLBlackList.h in Headers */ = {isa = PBXBuildFile; fileRef = E34931942518538A0038F860 /* BNCURLBlackList.h */; };
		E349322F2518538A0038F860 /* BNCNetworkService.h in Headers */ = {isa = PBXBuildFile; fileRef = E34931952518538A0038F860 /* BNCNetworkService.h */; };
		E34932302518538A0038F860 /* BNCReachability.h in Headers */ = {isa = PBXBuildFile; fileRef = E34931962518538A0038F860 /* BNCReachability.h */; };
		E3493236251857C30038F860 /* BIOBranchUniversalObjectEvent.h in Headers */ = {isa = PBXBuildFile; fileRef = E3493234251857C30038F860 /* BIOBranchUniversalObjectEvent.h */; };
		E3493237251857C30038F860 /* BIOBranchUniversalObjectEvent.m in Sources */ = {isa = PBXBuildFile; fileRef = E3493235251857C30038F860 /* BIOBranchUniversalObjectEvent.m */; };
		E349323C25198EC30038F860 /* BIOBranchUniversalObjectUtils.h in Headers */ = {isa = PBXBuildFile; fileRef = E349323A25198EC30038F860 /* BIOBranchUniversalObjectUtils.h */; };
		E349323D25198EC30038F860 /* BIOBranchUniversalObjectUtils.m in Sources */ = {isa = PBXBuildFile; fileRef = E349323B25198EC30038F860 /* BIOBranchUniversalObjectUtils.m */; };
		E34D85B31BB0D81B000DA3F9 /* BIOBranchTag.h in Headers */ = {isa = PBXBuildFile; fileRef = E34D85B21BB0D81B000DA3F9 /* BIOBranchTag.h */; };
		E34D85BA1BB0D88D000DA3F9 /* BIOBranchExtensionContext.h in Headers */ = {isa = PBXBuildFile; fileRef = E34D85B81BB0D88D000DA3F9 /* BIOBranchExtensionContext.h */; };
		E34D85BB1BB0D88D000DA3F9 /* BIOBranchExtensionContext.m in Sources */ = {isa = PBXBuildFile; fileRef = E34D85B91BB0D88D000DA3F9 /* BIOBranchExtensionContext.m */; };
		E3AA460823F16D1200D99E69 /* CoreTelephony.framework in Frameworks */ = {isa = PBXBuildFile; fileRef = E3AA460723F16D1100D99E69 /* CoreTelephony.framework */; };
		E3F4A7B6153D8C110057A446 /* Foundation.framework in Frameworks */ = {isa = PBXBuildFile; fileRef = E3F4A7B5153D8C110057A446 /* Foundation.framework */; };
		E3F4A7BC153D8C110057A446 /* Branch.m in Sources */ = {isa = PBXBuildFile; fileRef = E3F4A7BB153D8C110057A446 /* Branch.m */; };
		E3F4A7C3153D8C4A0057A446 /* FlashRuntimeExtensions.h in Headers */ = {isa = PBXBuildFile; fileRef = E3F4A7C2153D8C4A0057A446 /* FlashRuntimeExtensions.h */; };
		E3FD7C821898742800881968 /* UIKit.framework in Frameworks */ = {isa = PBXBuildFile; fileRef = E33692DA17CF44850021F35A /* UIKit.framework */; };
/* End PBXBuildFile section */

/* Begin PBXFileReference section */
		E30005BA210C771D007E6CF2 /* BIOBranchOptions.h */ = {isa = PBXFileReference; lastKnownFileType = sourcecode.c.h; path = BIOBranchOptions.h; sourceTree = "<group>"; };
		E30005BB210C771D007E6CF2 /* BIOBranchOptions.m */ = {isa = PBXFileReference; lastKnownFileType = sourcecode.c.objc; path = BIOBranchOptions.m; sourceTree = "<group>"; };
		E3244A9A1FAC0B8700EB5924 /* BIOBranchController.h */ = {isa = PBXFileReference; fileEncoding = 4; lastKnownFileType = sourcecode.c.h; path = BIOBranchController.h; sourceTree = "<group>"; };
		E3244A9B1FAC0B8700EB5924 /* BIOBranchController.m */ = {isa = PBXFileReference; fileEncoding = 4; lastKnownFileType = sourcecode.c.objc; path = BIOBranchController.m; sourceTree = "<group>"; };
		E33692DA17CF44850021F35A /* UIKit.framework */ = {isa = PBXFileReference; lastKnownFileType = wrapper.framework; name = UIKit.framework; path = System/Library/Frameworks/UIKit.framework; sourceTree = SDKROOT; };
		E33E7EBD211447BC0088FA15 /* BIOBranchEvent.h */ = {isa = PBXFileReference; lastKnownFileType = sourcecode.c.h; path = BIOBranchEvent.h; sourceTree = "<group>"; };
		E33E7EBE211447BC0088FA15 /* BIOBranchEvent.m */ = {isa = PBXFileReference; lastKnownFileType = sourcecode.c.objc; path = BIOBranchEvent.m; sourceTree = "<group>"; };
		E33E7EC121144A750088FA15 /* BIOBranchCreditsEvent.h */ = {isa = PBXFileReference; lastKnownFileType = sourcecode.c.h; path = BIOBranchCreditsEvent.h; sourceTree = "<group>"; };
		E33E7EC221144A750088FA15 /* BIOBranchCreditsEvent.m */ = {isa = PBXFileReference; lastKnownFileType = sourcecode.c.objc; path = BIOBranchCreditsEvent.m; sourceTree = "<group>"; };
		E33ED8A91BBD15AE00D23A8C /* BIOBranchContext.h */ = {isa = PBXFileReference; fileEncoding = 4; lastKnownFileType = sourcecode.c.h; path = BIOBranchContext.h; sourceTree = "<group>"; };
		E341442B2102F0C400FA0F27 /* BIOTypeConversion.h */ = {isa = PBXFileReference; fileEncoding = 4; lastKnownFileType = sourcecode.c.h; path = BIOTypeConversion.h; sourceTree = "<group>"; };
		E341442E2102F0C400FA0F27 /* BIOTypeConversion.m */ = {isa = PBXFileReference; fileEncoding = 4; lastKnownFileType = sourcecode.c.objc; path = BIOTypeConversion.m; sourceTree = "<group>"; };
		E34930F8251853150038F860 /* CoreNativeExtension.xcframework */ = {isa = PBXFileReference; lastKnownFileType = wrapper.xcframework; name = CoreNativeExtension.xcframework; path = ../../../../../supportlibs/corelibraries/build/ios/CoreNativeExtension.xcframework; sourceTree = "<group>"; };
		E34930FD2518538A0038F860 /* BNCTuneUtility.h */ = {isa = PBXFileReference; fileEncoding = 4; lastKnownFileType = sourcecode.c.h; path = BNCTuneUtility.h; sourceTree = "<group>"; };
		E34930FE2518538A0038F860 /* BNCLinkData.h */ = {isa = PBXFileReference; fileEncoding = 4; lastKnownFileType = sourcecode.c.h; path = BNCLinkData.h; sourceTree = "<group>"; };
		E34930FF2518538A0038F860 /* BranchDelegate.h */ = {isa = PBXFileReference; fileEncoding = 4; lastKnownFileType = sourcecode.c.h; path = BranchDelegate.h; sourceTree = "<group>"; };
		E34931002518538A0038F860 /* NSError+Branch.m */ = {isa = PBXFileReference; fileEncoding = 4; lastKnownFileType = sourcecode.c.objc; path = "NSError+Branch.m"; sourceTree = "<group>"; };
		E34931012518538A0038F860 /* BNCKeyChain.h */ = {isa = PBXFileReference; fileEncoding = 4; lastKnownFileType = sourcecode.c.h; path = BNCKeyChain.h; sourceTree = "<group>"; };
		E34931022518538A0038F860 /* BNCUserAgentCollector.m */ = {isa = PBXFileReference; fileEncoding = 4; lastKnownFileType = sourcecode.c.objc; path = BNCUserAgentCollector.m; sourceTree = "<group>"; };
		E34931032518538A0038F860 /* BNCFacebookAppLinks.m */ = {isa = PBXFileReference; fileEncoding = 4; lastKnownFileType = sourcecode.c.objc; path = BNCFacebookAppLinks.m; sourceTree = "<group>"; };
		E34931042518538A0038F860 /* BNCEncodingUtils.m */ = {isa = PBXFileReference; fileEncoding = 4; lastKnownFileType = sourcecode.c.objc; path = BNCEncodingUtils.m; sourceTree = "<group>"; };
		E34931052518538A0038F860 /* BranchUniversalObject.m */ = {isa = PBXFileReference; fileEncoding = 4; lastKnownFileType = sourcecode.c.objc; path = BranchUniversalObject.m; sourceTree = "<group>"; };
		E34931062518538A0038F860 /* BNCApplication.m */ = {isa = PBXFileReference; fileEncoding = 4; lastKnownFileType = sourcecode.c.objc; path = BNCApplication.m; sourceTree = "<group>"; };
		E34931072518538A0038F860 /* BNCDeviceSystem.m */ = {isa = PBXFileReference; fileEncoding = 4; lastKnownFileType = sourcecode.c.objc; path = BNCDeviceSystem.m; sourceTree = "<group>"; };
		E34931082518538A0038F860 /* NSMutableDictionary+Branch.m */ = {isa = PBXFileReference; fileEncoding = 4; lastKnownFileType = sourcecode.c.objc; path = "NSMutableDictionary+Branch.m"; sourceTree = "<group>"; };
		E34931092518538A0038F860 /* BNCServerRequestQueue.m */ = {isa = PBXFileReference; fileEncoding = 4; lastKnownFileType = sourcecode.c.objc; path = BNCServerRequestQueue.m; sourceTree = "<group>"; };
		E349310A2518538A0038F860 /* BNCTelephony.h */ = {isa = PBXFileReference; fileEncoding = 4; lastKnownFileType = sourcecode.c.h; path = BNCTelephony.h; sourceTree = "<group>"; };
		E349310B2518538A0038F860 /* BranchActivityItemProvider.h */ = {isa = PBXFileReference; fileEncoding = 4; lastKnownFileType = sourcecode.c.h; path = BranchActivityItemProvider.h; sourceTree = "<group>"; };
		E349310C2518538A0038F860 /* BranchCSSearchableItemAttributeSet.h */ = {isa = PBXFileReference; fileEncoding = 4; lastKnownFileType = sourcecode.c.h; path = BranchCSSearchableItemAttributeSet.h; sourceTree = "<group>"; };
		E349310D2518538A0038F860 /* BranchLogoutRequest.m */ = {isa = PBXFileReference; fileEncoding = 4; lastKnownFileType = sourcecode.c.objc; path = BranchLogoutRequest.m; sourceTree = "<group>"; };
		E349310E2518538A0038F860 /* BranchCPIDRequest.h */ = {isa = PBXFileReference; fileEncoding = 4; lastKnownFileType = sourcecode.c.h; path = BranchCPIDRequest.h; sourceTree = "<group>"; };
		E349310F2518538A0038F860 /* BNCDebug.m */ = {isa = PBXFileReference; fileEncoding = 4; lastKnownFileType = sourcecode.c.objc; path = BNCDebug.m; sourceTree = "<group>"; };
		E34931102518538A0038F860 /* BranchLinkProperties.h */ = {isa = PBXFileReference; fileEncoding = 4; lastKnownFileType = sourcecode.c.h; path = BranchLinkProperties.h; sourceTree = "<group>"; };
		E34931112518538A0038F860 /* BNCAppleReceipt.h */ = {isa = PBXFileReference; fileEncoding = 4; lastKnownFileType = sourcecode.c.h; path = BNCAppleReceipt.h; sourceTree = "<group>"; };
		E34931122518538A0038F860 /* BNCDeepLinkViewControllerInstance.m */ = {isa = PBXFileReference; fileEncoding = 4; lastKnownFileType = sourcecode.c.objc; path = BNCDeepLinkViewControllerInstance.m; sourceTree = "<group>"; };
		E34931132518538A0038F860 /* BranchScene.m */ = {isa = PBXFileReference; fileEncoding = 4; lastKnownFileType = sourcecode.c.objc; path = BranchScene.m; sourceTree = "<group>"; };
		E34931142518538A0038F860 /* BNCContentDiscoveryManager.m */ = {isa = PBXFileReference; fileEncoding = 4; lastKnownFileType = sourcecode.c.objc; path = BNCContentDiscoveryManager.m; sourceTree = "<group>"; };
		E34931152518538A0038F860 /* Branch+Validator.m */ = {isa = PBXFileReference; fileEncoding = 4; lastKnownFileType = sourcecode.c.objc; path = "Branch+Validator.m"; sourceTree = "<group>"; };
		E34931162518538A0038F860 /* BranchContentPathProperties.h */ = {isa = PBXFileReference; fileEncoding = 4; lastKnownFileType = sourcecode.c.h; path = BranchContentPathProperties.h; sourceTree = "<group>"; };
		E34931172518538A0038F860 /* BranchInstallRequest.m */ = {isa = PBXFileReference; fileEncoding = 4; lastKnownFileType = sourcecode.c.objc; path = BranchInstallRequest.m; sourceTree = "<group>"; };
		E34931182518538A0038F860 /* NSString+Branch.m */ = {isa = PBXFileReference; fileEncoding = 4; lastKnownFileType = sourcecode.c.objc; path = "NSString+Branch.m"; sourceTree = "<group>"; };
		E34931192518538A0038F860 /* BNCSystemObserver.m */ = {isa = PBXFileReference; fileEncoding = 4; lastKnownFileType = sourcecode.c.objc; path = BNCSystemObserver.m; sourceTree = "<group>"; };
		E349311A2518538A0038F860 /* BranchCreditHistoryRequest.h */ = {isa = PBXFileReference; fileEncoding = 4; lastKnownFileType = sourcecode.c.h; path = BranchCreditHistoryRequest.h; sourceTree = "<group>"; };
		E349311B2518538A0038F860 /* BNCCommerceEvent.m */ = {isa = PBXFileReference; fileEncoding = 4; lastKnownFileType = sourcecode.c.objc; path = BNCCommerceEvent.m; sourceTree = "<group>"; };
		E349311C2518538A0038F860 /* BranchSetIdentityRequest.m */ = {isa = PBXFileReference; fileEncoding = 4; lastKnownFileType = sourcecode.c.objc; path = BranchSetIdentityRequest.m; sourceTree = "<group>"; };
		E349311D2518538A0038F860 /* BNCSKAdNetwork.h */ = {isa = PBXFileReference; fileEncoding = 4; lastKnownFileType = sourcecode.c.h; path = BNCSKAdNetwork.h; sourceTree = "<group>"; };
		E349311E2518538A0038F860 /* BNCThreads.m */ = {isa = PBXFileReference; fileEncoding = 4; lastKnownFileType = sourcecode.c.objc; path = BNCThreads.m; sourceTree = "<group>"; };
		E349311F2518538A0038F860 /* BranchLastAttributedTouchData.h */ = {isa = PBXFileReference; fileEncoding = 4; lastKnownFileType = sourcecode.c.h; path = BranchLastAttributedTouchData.h; sourceTree = "<group>"; };
		E34931202518538A0038F860 /* BranchUserCompletedActionRequest.m */ = {isa = PBXFileReference; fileEncoding = 4; lastKnownFileType = sourcecode.c.objc; path = BranchUserCompletedActionRequest.m; sourceTree = "<group>"; };
		E34931212518538A0038F860 /* BranchRegisterViewRequest.m */ = {isa = PBXFileReference; fileEncoding = 4; lastKnownFileType = sourcecode.c.objc; path = BranchRegisterViewRequest.m; sourceTree = "<group>"; };
		E34931222518538A0038F860 /* BNCServerRequest.m */ = {isa = PBXFileReference; fileEncoding = 4; lastKnownFileType = sourcecode.c.objc; path = BNCServerRequest.m; sourceTree = "<group>"; };
		E34931232518538A0038F860 /* BNCNetworkInterface.m */ = {isa = PBXFileReference; fileEncoding = 4; lastKnownFileType = sourcecode.c.objc; path = BNCNetworkInterface.m; sourceTree = "<group>"; };
		E34931242518538A0038F860 /* BNCAvailability.h */ = {isa = PBXFileReference; fileEncoding = 4; lastKnownFileType = sourcecode.c.h; path = BNCAvailability.h; sourceTree = "<group>"; };
		E34931252518538A0038F860 /* BNCJSONUtility.h */ = {isa = PBXFileReference; fileEncoding = 4; lastKnownFileType = sourcecode.c.h; path = BNCJSONUtility.h; sourceTree = "<group>"; };
		E34931262518538A0038F860 /* Branch.h */ = {isa = PBXFileReference; fileEncoding = 4; lastKnownFileType = sourcecode.c.h; path = Branch.h; sourceTree = "<group>"; };
		E34931272518538A0038F860 /* BNCServerResponse.h */ = {isa = PBXFileReference; fileEncoding = 4; lastKnownFileType = sourcecode.c.h; path = BNCServerResponse.h; sourceTree = "<group>"; };
		E34931282518538A0038F860 /* BNCPreferenceHelper.m */ = {isa = PBXFileReference; fileEncoding = 4; lastKnownFileType = sourcecode.c.objc; path = BNCPreferenceHelper.m; sourceTree = "<group>"; };
		E34931292518538A0038F860 /* BNCCallbacks.h */ = {isa = PBXFileReference; fileEncoding = 4; lastKnownFileType = sourcecode.c.h; path = BNCCallbacks.h; sourceTree = "<group>"; };
		E349312A2518538A0038F860 /* BNCAppleAdClient.h */ = {isa = PBXFileReference; fileEncoding = 4; lastKnownFileType = sourcecode.c.h; path = BNCAppleAdClient.h; sourceTree = "<group>"; };
		E349312B2518538A0038F860 /* BranchCloseRequest.m */ = {isa = PBXFileReference; fileEncoding = 4; lastKnownFileType = sourcecode.c.objc; path = BranchCloseRequest.m; sourceTree = "<group>"; };
		E349312C2518538A0038F860 /* UIViewController+Branch.h */ = {isa = PBXFileReference; fileEncoding = 4; lastKnownFileType = sourcecode.c.h; path = "UIViewController+Branch.h"; sourceTree = "<group>"; };
		E349312D2518538A0038F860 /* BranchCrossPlatformID.h */ = {isa = PBXFileReference; fileEncoding = 4; lastKnownFileType = sourcecode.c.h; path = BranchCrossPlatformID.h; sourceTree = "<group>"; };
		E349312E2518538A0038F860 /* BranchShareLink.h */ = {isa = PBXFileReference; fileEncoding = 4; lastKnownFileType = sourcecode.c.h; path = BranchShareLink.h; sourceTree = "<group>"; };
		E349312F2518538A0038F860 /* BNCFieldDefines.h */ = {isa = PBXFileReference; fileEncoding = 4; lastKnownFileType = sourcecode.c.h; path = BNCFieldDefines.h; sourceTree = "<group>"; };
		E34931302518538A0038F860 /* BNCConfig.m */ = {isa = PBXFileReference; fileEncoding = 4; lastKnownFileType = sourcecode.c.objc; path = BNCConfig.m; sourceTree = "<group>"; };
		E34931312518538A0038F860 /* BranchConstants.m */ = {isa = PBXFileReference; fileEncoding = 4; lastKnownFileType = sourcecode.c.objc; path = BranchConstants.m; sourceTree = "<group>"; };
		E34931322518538A0038F860 /* BNCSpotlightService.h */ = {isa = PBXFileReference; fileEncoding = 4; lastKnownFileType = sourcecode.c.h; path = BNCSpotlightService.h; sourceTree = "<group>"; };
		E34931332518538A0038F860 /* BranchContentDiscoveryManifest.m */ = {isa = PBXFileReference; fileEncoding = 4; lastKnownFileType = sourcecode.c.objc; path = BranchContentDiscoveryManifest.m; sourceTree = "<group>"; };
		E34931342518538A0038F860 /* BNCLocale.m */ = {isa = PBXFileReference; fileEncoding = 4; lastKnownFileType = sourcecode.c.objc; path = BNCLocale.m; sourceTree = "<group>"; };
		E34931352518538A0038F860 /* BranchRedeemRewardsRequest.h */ = {isa = PBXFileReference; fileEncoding = 4; lastKnownFileType = sourcecode.c.h; path = BranchRedeemRewardsRequest.h; sourceTree = "<group>"; };
		E34931362518538A0038F860 /* BranchSpotlightUrlRequest.m */ = {isa = PBXFileReference; fileEncoding = 4; lastKnownFileType = sourcecode.c.objc; path = BranchSpotlightUrlRequest.m; sourceTree = "<group>"; };
		E34931372518538A0038F860 /* BNCLog.m */ = {isa = PBXFileReference; fileEncoding = 4; lastKnownFileType = sourcecode.c.objc; path = BNCLog.m; sourceTree = "<group>"; };
		E34931382518538A0038F860 /* BNCAppleSearchAds.m */ = {isa = PBXFileReference; fileEncoding = 4; lastKnownFileType = sourcecode.c.objc; path = BNCAppleSearchAds.m; sourceTree = "<group>"; };
		E34931392518538A0038F860 /* BranchContentDiscoverer.m */ = {isa = PBXFileReference; fileEncoding = 4; lastKnownFileType = sourcecode.c.objc; path = BranchContentDiscoverer.m; sourceTree = "<group>"; };
		E349313A2518538A0038F860 /* BNCDeviceInfo.m */ = {isa = PBXFileReference; fileEncoding = 4; lastKnownFileType = sourcecode.c.objc; path = BNCDeviceInfo.m; sourceTree = "<group>"; };
		E349313B2518538A0038F860 /* BNCLinkCache.h */ = {isa = PBXFileReference; fileEncoding = 4; lastKnownFileType = sourcecode.c.h; path = BNCLinkCache.h; sourceTree = "<group>"; };
		E349313C2518538A0038F860 /* BNCInitSessionResponse.h */ = {isa = PBXFileReference; fileEncoding = 4; lastKnownFileType = sourcecode.c.h; path = BNCInitSessionResponse.h; sourceTree = "<group>"; };
		E349313D2518538A0038F860 /* BNCNetworkService.m */ = {isa = PBXFileReference; fileEncoding = 4; lastKnownFileType = sourcecode.c.objc; path = BNCNetworkService.m; sourceTree = "<group>"; };
		E349313E2518538A0038F860 /* BNCReachability.m */ = {isa = PBXFileReference; fileEncoding = 4; lastKnownFileType = sourcecode.c.objc; path = BNCReachability.m; sourceTree = "<group>"; };
		E349313F2518538A0038F860 /* BNCCallbackMap.h */ = {isa = PBXFileReference; fileEncoding = 4; lastKnownFileType = sourcecode.c.h; path = BNCCallbackMap.h; sourceTree = "<group>"; };
		E34931402518538A0038F860 /* BNCURLBlackList.m */ = {isa = PBXFileReference; fileEncoding = 4; lastKnownFileType = sourcecode.c.objc; path = BNCURLBlackList.m; sourceTree = "<group>"; };
		E34931412518538A0038F860 /* BNCLocalization.h */ = {isa = PBXFileReference; fileEncoding = 4; lastKnownFileType = sourcecode.c.h; path = BNCLocalization.h; sourceTree = "<group>"; };
		E34931422518538A0038F860 /* BranchLoadRewardsRequest.m */ = {isa = PBXFileReference; fileEncoding = 4; lastKnownFileType = sourcecode.c.objc; path = BranchLoadRewardsRequest.m; sourceTree = "<group>"; };
		E34931432518538A0038F860 /* BranchShortUrlSyncRequest.h */ = {isa = PBXFileReference; fileEncoding = 4; lastKnownFileType = sourcecode.c.h; path = BranchShortUrlSyncRequest.h; sourceTree = "<group>"; };
		E34931442518538A0038F860 /* BNCCrashlyticsWrapper.m */ = {isa = PBXFileReference; fileEncoding = 4; lastKnownFileType = sourcecode.c.objc; path = BNCCrashlyticsWrapper.m; sourceTree = "<group>"; };
		E34931452518538A0038F860 /* BNCServerInterface.m */ = {isa = PBXFileReference; fileEncoding = 4; lastKnownFileType = sourcecode.c.objc; path = BNCServerInterface.m; sourceTree = "<group>"; };
		E34931462518538A0038F860 /* BranchLATDRequest.m */ = {isa = PBXFileReference; fileEncoding = 4; lastKnownFileType = sourcecode.c.objc; path = BranchLATDRequest.m; sourceTree = "<group>"; };
		E34931472518538A0038F860 /* BranchOpenRequest.h */ = {isa = PBXFileReference; fileEncoding = 4; lastKnownFileType = sourcecode.c.h; path = BranchOpenRequest.h; sourceTree = "<group>"; };
		E34931482518538A0038F860 /* BranchShortUrlRequest.h */ = {isa = PBXFileReference; fileEncoding = 4; lastKnownFileType = sourcecode.c.h; path = BranchShortUrlRequest.h; sourceTree = "<group>"; };
		E34931492518538A0038F860 /* BranchEvent.h */ = {isa = PBXFileReference; fileEncoding = 4; lastKnownFileType = sourcecode.c.h; path = BranchEvent.h; sourceTree = "<group>"; };
		E349314A2518538A0038F860 /* BNCNetworkServiceProtocol.h */ = {isa = PBXFileReference; fileEncoding = 4; lastKnownFileType = sourcecode.c.h; path = BNCNetworkServiceProtocol.h; sourceTree = "<group>"; };
		E349314B2518538A0038F860 /* BranchCPIDRequest.m */ = {isa = PBXFileReference; fileEncoding = 4; lastKnownFileType = sourcecode.c.objc; path = BranchCPIDRequest.m; sourceTree = "<group>"; };
		E349314C2518538A0038F860 /* BranchLogoutRequest.h */ = {isa = PBXFileReference; fileEncoding = 4; lastKnownFileType = sourcecode.c.h; path = BranchLogoutRequest.h; sourceTree = "<group>"; };
		E349314D2518538A0038F860 /* BNCDebug.h */ = {isa = PBXFileReference; fileEncoding = 4; lastKnownFileType = sourcecode.c.h; path = BNCDebug.h; sourceTree = "<group>"; };
		E349314E2518538A0038F860 /* BranchCSSearchableItemAttributeSet.m */ = {isa = PBXFileReference; fileEncoding = 4; lastKnownFileType = sourcecode.c.objc; path = BranchCSSearchableItemAttributeSet.m; sourceTree = "<group>"; };
		E349314F2518538A0038F860 /* BranchActivityItemProvider.m */ = {isa = PBXFileReference; fileEncoding = 4; lastKnownFileType = sourcecode.c.objc; path = BranchActivityItemProvider.m; sourceTree = "<group>"; };
		E34931502518538A0038F860 /* BNCServerRequestQueue.h */ = {isa = PBXFileReference; fileEncoding = 4; lastKnownFileType = sourcecode.c.h; path = BNCServerRequestQueue.h; sourceTree = "<group>"; };
		E34931512518538A0038F860 /* BNCTelephony.m */ = {isa = PBXFileReference; fileEncoding = 4; lastKnownFileType = sourcecode.c.objc; path = BNCTelephony.m; sourceTree = "<group>"; };
		E34931522518538A0038F860 /* BNCApplication.h */ = {isa = PBXFileReference; fileEncoding = 4; lastKnownFileType = sourcecode.c.h; path = BNCApplication.h; sourceTree = "<group>"; };
		E34931532518538A0038F860 /* NSMutableDictionary+Branch.h */ = {isa = PBXFileReference; fileEncoding = 4; lastKnownFileType = sourcecode.c.h; path = "NSMutableDictionary+Branch.h"; sourceTree = "<group>"; };
		E34931542518538A0038F860 /* BNCDeviceSystem.h */ = {isa = PBXFileReference; fileEncoding = 4; lastKnownFileType = sourcecode.c.h; path = BNCDeviceSystem.h; sourceTree = "<group>"; };
		E34931552518538A0038F860 /* BranchUniversalObject.h */ = {isa = PBXFileReference; fileEncoding = 4; lastKnownFileType = sourcecode.c.h; path = BranchUniversalObject.h; sourceTree = "<group>"; };
		E34931562518538A0038F860 /* BNCUserAgentCollector.h */ = {isa = PBXFileReference; fileEncoding = 4; lastKnownFileType = sourcecode.c.h; path = BNCUserAgentCollector.h; sourceTree = "<group>"; };
		E34931572518538A0038F860 /* BNCFacebookAppLinks.h */ = {isa = PBXFileReference; fileEncoding = 4; lastKnownFileType = sourcecode.c.h; path = BNCFacebookAppLinks.h; sourceTree = "<group>"; };
		E34931582518538A0038F860 /* BNCEncodingUtils.h */ = {isa = PBXFileReference; fileEncoding = 4; lastKnownFileType = sourcecode.c.h; path = BNCEncodingUtils.h; sourceTree = "<group>"; };
		E34931592518538A0038F860 /* BNCKeyChain.m */ = {isa = PBXFileReference; fileEncoding = 4; lastKnownFileType = sourcecode.c.objc; path = BNCKeyChain.m; sourceTree = "<group>"; };
		E349315A2518538A0038F860 /* NSError+Branch.h */ = {isa = PBXFileReference; fileEncoding = 4; lastKnownFileType = sourcecode.c.h; path = "NSError+Branch.h"; sourceTree = "<group>"; };
		E349315B2518538A0038F860 /* BNCTuneUtility.m */ = {isa = PBXFileReference; fileEncoding = 4; lastKnownFileType = sourcecode.c.objc; path = BNCTuneUtility.m; sourceTree = "<group>"; };
		E349315C2518538A0038F860 /* BranchDelegate.m */ = {isa = PBXFileReference; fileEncoding = 4; lastKnownFileType = sourcecode.c.objc; path = BranchDelegate.m; sourceTree = "<group>"; };
		E349315D2518538A0038F860 /* BNCLinkData.m */ = {isa = PBXFileReference; fileEncoding = 4; lastKnownFileType = sourcecode.c.objc; path = BNCLinkData.m; sourceTree = "<group>"; };
		E349315E2518538A0038F860 /* Branch.m */ = {isa = PBXFileReference; fileEncoding = 4; lastKnownFileType = sourcecode.c.objc; path = Branch.m; sourceTree = "<group>"; };
		E349315F2518538A0038F860 /* BNCAvailability.m */ = {isa = PBXFileReference; fileEncoding = 4; lastKnownFileType = sourcecode.c.objc; path = BNCAvailability.m; sourceTree = "<group>"; };
		E34931602518538A0038F860 /* BNCJSONUtility.m */ = {isa = PBXFileReference; fileEncoding = 4; lastKnownFileType = sourcecode.c.objc; path = BNCJSONUtility.m; sourceTree = "<group>"; };
		E34931612518538A0038F860 /* BNCServerRequest.h */ = {isa = PBXFileReference; fileEncoding = 4; lastKnownFileType = sourcecode.c.h; path = BNCServerRequest.h; sourceTree = "<group>"; };
		E34931622518538A0038F860 /* BNCNetworkInterface.h */ = {isa = PBXFileReference; fileEncoding = 4; lastKnownFileType = sourcecode.c.h; path = BNCNetworkInterface.h; sourceTree = "<group>"; };
		E34931632518538A0038F860 /* BranchUserCompletedActionRequest.h */ = {isa = PBXFileReference; fileEncoding = 4; lastKnownFileType = sourcecode.c.h; path = BranchUserCompletedActionRequest.h; sourceTree = "<group>"; };
		E34931642518538A0038F860 /* BranchRegisterViewRequest.h */ = {isa = PBXFileReference; fileEncoding = 4; lastKnownFileType = sourcecode.c.h; path = BranchRegisterViewRequest.h; sourceTree = "<group>"; };
		E34931652518538A0038F860 /* BranchDeepLinkingController.h */ = {isa = PBXFileReference; fileEncoding = 4; lastKnownFileType = sourcecode.c.h; path = BranchDeepLinkingController.h; sourceTree = "<group>"; };
		E34931662518538A0038F860 /* BranchLastAttributedTouchData.m */ = {isa = PBXFileReference; fileEncoding = 4; lastKnownFileType = sourcecode.c.objc; path = BranchLastAttributedTouchData.m; sourceTree = "<group>"; };
		E34931672518538A0038F860 /* BNCThreads.h */ = {isa = PBXFileReference; fileEncoding = 4; lastKnownFileType = sourcecode.c.h; path = BNCThreads.h; sourceTree = "<group>"; };
		E34931682518538A0038F860 /* BranchCreditHistoryRequest.m */ = {isa = PBXFileReference; fileEncoding = 4; lastKnownFileType = sourcecode.c.objc; path = BranchCreditHistoryRequest.m; sourceTree = "<group>"; };
		E34931692518538A0038F860 /* BNCSystemObserver.h */ = {isa = PBXFileReference; fileEncoding = 4; lastKnownFileType = sourcecode.c.h; path = BNCSystemObserver.h; sourceTree = "<group>"; };
		E349316A2518538A0038F860 /* BNCCommerceEvent.h */ = {isa = PBXFileReference; fileEncoding = 4; lastKnownFileType = sourcecode.c.h; path = BNCCommerceEvent.h; sourceTree = "<group>"; };
		E349316B2518538A0038F860 /* BranchSetIdentityRequest.h */ = {isa = PBXFileReference; fileEncoding = 4; lastKnownFileType = sourcecode.c.h; path = BranchSetIdentityRequest.h; sourceTree = "<group>"; };
		E349316C2518538A0038F860 /* BNCSKAdNetwork.m */ = {isa = PBXFileReference; fileEncoding = 4; lastKnownFileType = sourcecode.c.objc; path = BNCSKAdNetwork.m; sourceTree = "<group>"; };
		E349316D2518538A0038F860 /* NSString+Branch.h */ = {isa = PBXFileReference; fileEncoding = 4; lastKnownFileType = sourcecode.c.h; path = "NSString+Branch.h"; sourceTree = "<group>"; };
		E349316E2518538A0038F860 /* BranchInstallRequest.h */ = {isa = PBXFileReference; fileEncoding = 4; lastKnownFileType = sourcecode.c.h; path = BranchInstallRequest.h; sourceTree = "<group>"; };
		E349316F2518538A0038F860 /* BranchContentPathProperties.m */ = {isa = PBXFileReference; fileEncoding = 4; lastKnownFileType = sourcecode.c.objc; path = BranchContentPathProperties.m; sourceTree = "<group>"; };
		E34931702518538A0038F860 /* Branch+Validator.h */ = {isa = PBXFileReference; fileEncoding = 4; lastKnownFileType = sourcecode.c.h; path = "Branch+Validator.h"; sourceTree = "<group>"; };
		E34931712518538A0038F860 /* BNCAppleReceipt.m */ = {isa = PBXFileReference; fileEncoding = 4; lastKnownFileType = sourcecode.c.objc; path = BNCAppleReceipt.m; sourceTree = "<group>"; };
		E34931722518538A0038F860 /* BranchLinkProperties.m */ = {isa = PBXFileReference; fileEncoding = 4; lastKnownFileType = sourcecode.c.objc; path = BranchLinkProperties.m; sourceTree = "<group>"; };
		E34931732518538A0038F860 /* BNCDeepLinkViewControllerInstance.h */ = {isa = PBXFileReference; fileEncoding = 4; lastKnownFileType = sourcecode.c.h; path = BNCDeepLinkViewControllerInstance.h; sourceTree = "<group>"; };
		E34931742518538A0038F860 /* BranchScene.h */ = {isa = PBXFileReference; fileEncoding = 4; lastKnownFileType = sourcecode.c.h; path = BranchScene.h; sourceTree = "<group>"; };
		E34931752518538A0038F860 /* BNCContentDiscoveryManager.h */ = {isa = PBXFileReference; fileEncoding = 4; lastKnownFileType = sourcecode.c.h; path = BNCContentDiscoveryManager.h; sourceTree = "<group>"; };
		E34931762518538A0038F860 /* BNCInitSessionResponse.m */ = {isa = PBXFileReference; fileEncoding = 4; lastKnownFileType = sourcecode.c.objc; path = BNCInitSessionResponse.m; sourceTree = "<group>"; };
		E34931772518538A0038F860 /* BNCDeviceInfo.h */ = {isa = PBXFileReference; fileEncoding = 4; lastKnownFileType = sourcecode.c.h; path = BNCDeviceInfo.h; sourceTree = "<group>"; };
		E34931782518538A0038F860 /* BNCLinkCache.m */ = {isa = PBXFileReference; fileEncoding = 4; lastKnownFileType = sourcecode.c.objc; path = BNCLinkCache.m; sourceTree = "<group>"; };
		E34931792518538A0038F860 /* BNCLog.h */ = {isa = PBXFileReference; fileEncoding = 4; lastKnownFileType = sourcecode.c.h; path = BNCLog.h; sourceTree = "<group>"; };
		E349317A2518538A0038F860 /* BNCAppleSearchAds.h */ = {isa = PBXFileReference; fileEncoding = 4; lastKnownFileType = sourcecode.c.h; path = BNCAppleSearchAds.h; sourceTree = "<group>"; };
		E349317B2518538A0038F860 /* BranchContentDiscoverer.h */ = {isa = PBXFileReference; fileEncoding = 4; lastKnownFileType = sourcecode.c.h; path = BranchContentDiscoverer.h; sourceTree = "<group>"; };
		E349317C2518538A0038F860 /* BranchRedeemRewardsRequest.m */ = {isa = PBXFileReference; fileEncoding = 4; lastKnownFileType = sourcecode.c.objc; path = BranchRedeemRewardsRequest.m; sourceTree = "<group>"; };
		E349317D2518538A0038F860 /* BNCLocale.h */ = {isa = PBXFileReference; fileEncoding = 4; lastKnownFileType = sourcecode.c.h; path = BNCLocale.h; sourceTree = "<group>"; };
		E349317E2518538A0038F860 /* BranchSpotlightUrlRequest.h */ = {isa = PBXFileReference; fileEncoding = 4; lastKnownFileType = sourcecode.c.h; path = BranchSpotlightUrlRequest.h; sourceTree = "<group>"; };
		E349317F2518538A0038F860 /* BranchContentDiscoveryManifest.h */ = {isa = PBXFileReference; fileEncoding = 4; lastKnownFileType = sourcecode.c.h; path = BranchContentDiscoveryManifest.h; sourceTree = "<group>"; };
		E34931802518538A0038F860 /* BNCConfig.h */ = {isa = PBXFileReference; fileEncoding = 4; lastKnownFileType = sourcecode.c.h; path = BNCConfig.h; sourceTree = "<group>"; };
		E34931812518538A0038F860 /* BranchConstants.h */ = {isa = PBXFileReference; fileEncoding = 4; lastKnownFileType = sourcecode.c.h; path = BranchConstants.h; sourceTree = "<group>"; };
		E34931822518538A0038F860 /* BNCSpotlightService.m */ = {isa = PBXFileReference; fileEncoding = 4; lastKnownFileType = sourcecode.c.objc; path = BNCSpotlightService.m; sourceTree = "<group>"; };
		E34931832518538A0038F860 /* BranchShareLink.m */ = {isa = PBXFileReference; fileEncoding = 4; lastKnownFileType = sourcecode.c.objc; path = BranchShareLink.m; sourceTree = "<group>"; };
		E34931842518538A0038F860 /* BranchCrossPlatformID.m */ = {isa = PBXFileReference; fileEncoding = 4; lastKnownFileType = sourcecode.c.objc; path = BranchCrossPlatformID.m; sourceTree = "<group>"; };
		E34931852518538A0038F860 /* UIViewController+Branch.m */ = {isa = PBXFileReference; fileEncoding = 4; lastKnownFileType = sourcecode.c.objc; path = "UIViewController+Branch.m"; sourceTree = "<group>"; };
		E34931862518538A0038F860 /* BranchCloseRequest.h */ = {isa = PBXFileReference; fileEncoding = 4; lastKnownFileType = sourcecode.c.h; path = BranchCloseRequest.h; sourceTree = "<group>"; };
		E34931872518538A0038F860 /* BNCAppleAdClient.m */ = {isa = PBXFileReference; fileEncoding = 4; lastKnownFileType = sourcecode.c.objc; path = BNCAppleAdClient.m; sourceTree = "<group>"; };
		E34931882518538A0038F860 /* BNCPreferenceHelper.h */ = {isa = PBXFileReference; fileEncoding = 4; lastKnownFileType = sourcecode.c.h; path = BNCPreferenceHelper.h; sourceTree = "<group>"; };
		E34931892518538A0038F860 /* BNCServerResponse.m */ = {isa = PBXFileReference; fileEncoding = 4; lastKnownFileType = sourcecode.c.objc; path = BNCServerResponse.m; sourceTree = "<group>"; };
		E349318A2518538A0038F860 /* BranchEvent.m */ = {isa = PBXFileReference; fileEncoding = 4; lastKnownFileType = sourcecode.c.objc; path = BranchEvent.m; sourceTree = "<group>"; };
		E349318B2518538A0038F860 /* BranchShortUrlRequest.m */ = {isa = PBXFileReference; fileEncoding = 4; lastKnownFileType = sourcecode.c.objc; path = BranchShortUrlRequest.m; sourceTree = "<group>"; };
		E349318C2518538A0038F860 /* BranchOpenRequest.m */ = {isa = PBXFileReference; fileEncoding = 4; lastKnownFileType = sourcecode.c.objc; path = BranchOpenRequest.m; sourceTree = "<group>"; };
		E349318D2518538A0038F860 /* BranchLATDRequest.h */ = {isa = PBXFileReference; fileEncoding = 4; lastKnownFileType = sourcecode.c.h; path = BranchLATDRequest.h; sourceTree = "<group>"; };
		E349318E2518538A0038F860 /* BNCCrashlyticsWrapper.h */ = {isa = PBXFileReference; fileEncoding = 4; lastKnownFileType = sourcecode.c.h; path = BNCCrashlyticsWrapper.h; sourceTree = "<group>"; };
		E349318F2518538A0038F860 /* BNCServerInterface.h */ = {isa = PBXFileReference; fileEncoding = 4; lastKnownFileType = sourcecode.c.h; path = BNCServerInterface.h; sourceTree = "<group>"; };
		E34931902518538A0038F860 /* BranchShortUrlSyncRequest.m */ = {isa = PBXFileReference; fileEncoding = 4; lastKnownFileType = sourcecode.c.objc; path = BranchShortUrlSyncRequest.m; sourceTree = "<group>"; };
		E34931912518538A0038F860 /* BranchLoadRewardsRequest.h */ = {isa = PBXFileReference; fileEncoding = 4; lastKnownFileType = sourcecode.c.h; path = BranchLoadRewardsRequest.h; sourceTree = "<group>"; };
		E34931922518538A0038F860 /* BNCLocalization.m */ = {isa = PBXFileReference; fileEncoding = 4; lastKnownFileType = sourcecode.c.objc; path = BNCLocalization.m; sourceTree = "<group>"; };
		E34931932518538A0038F860 /* BNCCallbackMap.m */ = {isa = PBXFileReference; fileEncoding = 4; lastKnownFileType = sourcecode.c.objc; path = BNCCallbackMap.m; sourceTree = "<group>"; };
		E34931942518538A0038F860 /* BNCURLBlackList.h */ = {isa = PBXFileReference; fileEncoding = 4; lastKnownFileType = sourcecode.c.h; path = BNCURLBlackList.h; sourceTree = "<group>"; };
		E34931952518538A0038F860 /* BNCNetworkService.h */ = {isa = PBXFileReference; fileEncoding = 4; lastKnownFileType = sourcecode.c.h; path = BNCNetworkService.h; sourceTree = "<group>"; };
		E34931962518538A0038F860 /* BNCReachability.h */ = {isa = PBXFileReference; fileEncoding = 4; lastKnownFileType = sourcecode.c.h; path = BNCReachability.h; sourceTree = "<group>"; };
		E3493234251857C30038F860 /* BIOBranchUniversalObjectEvent.h */ = {isa = PBXFileReference; lastKnownFileType = sourcecode.c.h; path = BIOBranchUniversalObjectEvent.h; sourceTree = "<group>"; };
		E3493235251857C30038F860 /* BIOBranchUniversalObjectEvent.m */ = {isa = PBXFileReference; lastKnownFileType = sourcecode.c.objc; path = BIOBranchUniversalObjectEvent.m; sourceTree = "<group>"; };
		E349323A25198EC30038F860 /* BIOBranchUniversalObjectUtils.h */ = {isa = PBXFileReference; lastKnownFileType = sourcecode.c.h; path = BIOBranchUniversalObjectUtils.h; sourceTree = "<group>"; };
		E349323B25198EC30038F860 /* BIOBranchUniversalObjectUtils.m */ = {isa = PBXFileReference; lastKnownFileType = sourcecode.c.objc; path = BIOBranchUniversalObjectUtils.m; sourceTree = "<group>"; };
		E34D85B21BB0D81B000DA3F9 /* BIOBranchTag.h */ = {isa = PBXFileReference; fileEncoding = 4; lastKnownFileType = sourcecode.c.h; path = BIOBranchTag.h; sourceTree = "<group>"; };
		E34D85B81BB0D88D000DA3F9 /* BIOBranchExtensionContext.h */ = {isa = PBXFileReference; fileEncoding = 4; lastKnownFileType = sourcecode.c.h; path = BIOBranchExtensionContext.h; sourceTree = "<group>"; };
		E34D85B91BB0D88D000DA3F9 /* BIOBranchExtensionContext.m */ = {isa = PBXFileReference; fileEncoding = 4; lastKnownFileType = sourcecode.c.objc; path = BIOBranchExtensionContext.m; sourceTree = "<group>"; };
		E3AA460723F16D1100D99E69 /* CoreTelephony.framework */ = {isa = PBXFileReference; lastKnownFileType = wrapper.framework; name = CoreTelephony.framework; path = System/Library/Frameworks/CoreTelephony.framework; sourceTree = SDKROOT; };
		E3F4A7B2153D8C110057A446 /* libBranch.a */ = {isa = PBXFileReference; explicitFileType = archive.ar; includeInIndex = 0; path = libBranch.a; sourceTree = BUILT_PRODUCTS_DIR; };
		E3F4A7B5153D8C110057A446 /* Foundation.framework */ = {isa = PBXFileReference; lastKnownFileType = wrapper.framework; name = Foundation.framework; path = System/Library/Frameworks/Foundation.framework; sourceTree = SDKROOT; };
		E3F4A7B9153D8C110057A446 /* Branch-Prefix.pch */ = {isa = PBXFileReference; lastKnownFileType = sourcecode.c.h; path = "Branch-Prefix.pch"; sourceTree = "<group>"; };
		E3F4A7BB153D8C110057A446 /* Branch.m */ = {isa = PBXFileReference; lastKnownFileType = sourcecode.c.objc; path = Branch.m; sourceTree = "<group>"; };
		E3F4A7C2153D8C4A0057A446 /* FlashRuntimeExtensions.h */ = {isa = PBXFileReference; fileEncoding = 4; lastKnownFileType = sourcecode.c.h; path = FlashRuntimeExtensions.h; sourceTree = "<group>"; };
/* End PBXFileReference section */

/* Begin PBXFrameworksBuildPhase section */
		E3F4A7AF153D8C110057A446 /* Frameworks */ = {
			isa = PBXFrameworksBuildPhase;
			buildActionMask = 2147483647;
			files = (
				E3AA460823F16D1200D99E69 /* CoreTelephony.framework in Frameworks */,
				E3FD7C821898742800881968 /* UIKit.framework in Frameworks */,
				E3F4A7B6153D8C110057A446 /* Foundation.framework in Frameworks */,
				E34930F9251853150038F860 /* CoreNativeExtension.xcframework in Frameworks */,
			);
			runOnlyForDeploymentPostprocessing = 0;
		};
/* End PBXFrameworksBuildPhase section */

/* Begin PBXGroup section */
		E3244A991FAC0B8700EB5924 /* controller */ = {
			isa = PBXGroup;
			children = (
				E3244A9A1FAC0B8700EB5924 /* BIOBranchController.h */,
				E3244A9B1FAC0B8700EB5924 /* BIOBranchController.m */,
				E30005BA210C771D007E6CF2 /* BIOBranchOptions.h */,
				E30005BB210C771D007E6CF2 /* BIOBranchOptions.m */,
				E349323A25198EC30038F860 /* BIOBranchUniversalObjectUtils.h */,
				E349323B25198EC30038F860 /* BIOBranchUniversalObjectUtils.m */,
			);
			path = controller;
			sourceTree = "<group>";
		};
		E33E7EBC211447900088FA15 /* events */ = {
			isa = PBXGroup;
			children = (
				E33E7EBD211447BC0088FA15 /* BIOBranchEvent.h */,
				E33E7EBE211447BC0088FA15 /* BIOBranchEvent.m */,
				E33E7EC121144A750088FA15 /* BIOBranchCreditsEvent.h */,
				E33E7EC221144A750088FA15 /* BIOBranchCreditsEvent.m */,
				E3493234251857C30038F860 /* BIOBranchUniversalObjectEvent.h */,
				E3493235251857C30038F860 /* BIOBranchUniversalObjectEvent.m */,
			);
			path = events;
			sourceTree = "<group>";
		};
		E34930FC2518538A0038F860 /* Branch-SDK */ = {
			isa = PBXGroup;
			children = (
				E349312A2518538A0038F860 /* BNCAppleAdClient.h */,
				E34931872518538A0038F860 /* BNCAppleAdClient.m */,
				E34931112518538A0038F860 /* BNCAppleReceipt.h */,
				E34931712518538A0038F860 /* BNCAppleReceipt.m */,
				E349317A2518538A0038F860 /* BNCAppleSearchAds.h */,
				E34931382518538A0038F860 /* BNCAppleSearchAds.m */,
				E34931522518538A0038F860 /* BNCApplication.h */,
				E34931062518538A0038F860 /* BNCApplication.m */,
				E34931242518538A0038F860 /* BNCAvailability.h */,
				E349315F2518538A0038F860 /* BNCAvailability.m */,
				E349313F2518538A0038F860 /* BNCCallbackMap.h */,
				E34931932518538A0038F860 /* BNCCallbackMap.m */,
				E34931292518538A0038F860 /* BNCCallbacks.h */,
				E349316A2518538A0038F860 /* BNCCommerceEvent.h */,
				E349311B2518538A0038F860 /* BNCCommerceEvent.m */,
				E34931802518538A0038F860 /* BNCConfig.h */,
				E34931302518538A0038F860 /* BNCConfig.m */,
				E34931752518538A0038F860 /* BNCContentDiscoveryManager.h */,
				E34931142518538A0038F860 /* BNCContentDiscoveryManager.m */,
				E349318E2518538A0038F860 /* BNCCrashlyticsWrapper.h */,
				E34931442518538A0038F860 /* BNCCrashlyticsWrapper.m */,
				E349314D2518538A0038F860 /* BNCDebug.h */,
				E349310F2518538A0038F860 /* BNCDebug.m */,
				E34931732518538A0038F860 /* BNCDeepLinkViewControllerInstance.h */,
				E34931122518538A0038F860 /* BNCDeepLinkViewControllerInstance.m */,
				E34931772518538A0038F860 /* BNCDeviceInfo.h */,
				E349313A2518538A0038F860 /* BNCDeviceInfo.m */,
				E34931542518538A0038F860 /* BNCDeviceSystem.h */,
				E34931072518538A0038F860 /* BNCDeviceSystem.m */,
				E34931582518538A0038F860 /* BNCEncodingUtils.h */,
				E34931042518538A0038F860 /* BNCEncodingUtils.m */,
				E34931572518538A0038F860 /* BNCFacebookAppLinks.h */,
				E34931032518538A0038F860 /* BNCFacebookAppLinks.m */,
				E349312F2518538A0038F860 /* BNCFieldDefines.h */,
				E349313C2518538A0038F860 /* BNCInitSessionResponse.h */,
				E34931762518538A0038F860 /* BNCInitSessionResponse.m */,
				E34931252518538A0038F860 /* BNCJSONUtility.h */,
				E34931602518538A0038F860 /* BNCJSONUtility.m */,
				E34931012518538A0038F860 /* BNCKeyChain.h */,
				E34931592518538A0038F860 /* BNCKeyChain.m */,
				E349313B2518538A0038F860 /* BNCLinkCache.h */,
				E34931782518538A0038F860 /* BNCLinkCache.m */,
				E34930FE2518538A0038F860 /* BNCLinkData.h */,
				E349315D2518538A0038F860 /* BNCLinkData.m */,
				E349317D2518538A0038F860 /* BNCLocale.h */,
				E34931342518538A0038F860 /* BNCLocale.m */,
				E34931412518538A0038F860 /* BNCLocalization.h */,
				E34931922518538A0038F860 /* BNCLocalization.m */,
				E34931792518538A0038F860 /* BNCLog.h */,
				E34931372518538A0038F860 /* BNCLog.m */,
				E34931622518538A0038F860 /* BNCNetworkInterface.h */,
				E34931232518538A0038F860 /* BNCNetworkInterface.m */,
				E34931952518538A0038F860 /* BNCNetworkService.h */,
				E349313D2518538A0038F860 /* BNCNetworkService.m */,
				E349314A2518538A0038F860 /* BNCNetworkServiceProtocol.h */,
				E34931882518538A0038F860 /* BNCPreferenceHelper.h */,
				E34931282518538A0038F860 /* BNCPreferenceHelper.m */,
				E34931962518538A0038F860 /* BNCReachability.h */,
				E349313E2518538A0038F860 /* BNCReachability.m */,
				E349318F2518538A0038F860 /* BNCServerInterface.h */,
				E34931452518538A0038F860 /* BNCServerInterface.m */,
				E34931612518538A0038F860 /* BNCServerRequest.h */,
				E34931222518538A0038F860 /* BNCServerRequest.m */,
				E34931502518538A0038F860 /* BNCServerRequestQueue.h */,
				E34931092518538A0038F860 /* BNCServerRequestQueue.m */,
				E34931272518538A0038F860 /* BNCServerResponse.h */,
				E34931892518538A0038F860 /* BNCServerResponse.m */,
				E349311D2518538A0038F860 /* BNCSKAdNetwork.h */,
				E349316C2518538A0038F860 /* BNCSKAdNetwork.m */,
				E34931322518538A0038F860 /* BNCSpotlightService.h */,
				E34931822518538A0038F860 /* BNCSpotlightService.m */,
				E34931692518538A0038F860 /* BNCSystemObserver.h */,
				E34931192518538A0038F860 /* BNCSystemObserver.m */,
				E349310A2518538A0038F860 /* BNCTelephony.h */,
				E34931512518538A0038F860 /* BNCTelephony.m */,
				E34931672518538A0038F860 /* BNCThreads.h */,
				E349311E2518538A0038F860 /* BNCThreads.m */,
				E34930FD2518538A0038F860 /* BNCTuneUtility.h */,
				E349315B2518538A0038F860 /* BNCTuneUtility.m */,
				E34931942518538A0038F860 /* BNCURLBlackList.h */,
				E34931402518538A0038F860 /* BNCURLBlackList.m */,
				E34931562518538A0038F860 /* BNCUserAgentCollector.h */,
				E34931022518538A0038F860 /* BNCUserAgentCollector.m */,
				E34931262518538A0038F860 /* Branch.h */,
				E349315E2518538A0038F860 /* Branch.m */,
				E34931702518538A0038F860 /* Branch+Validator.h */,
				E34931152518538A0038F860 /* Branch+Validator.m */,
				E349310B2518538A0038F860 /* BranchActivityItemProvider.h */,
				E349314F2518538A0038F860 /* BranchActivityItemProvider.m */,
				E34931862518538A0038F860 /* BranchCloseRequest.h */,
				E349312B2518538A0038F860 /* BranchCloseRequest.m */,
				E34931812518538A0038F860 /* BranchConstants.h */,
				E34931312518538A0038F860 /* BranchConstants.m */,
				E349317B2518538A0038F860 /* BranchContentDiscoverer.h */,
				E34931392518538A0038F860 /* BranchContentDiscoverer.m */,
				E349317F2518538A0038F860 /* BranchContentDiscoveryManifest.h */,
				E34931332518538A0038F860 /* BranchContentDiscoveryManifest.m */,
				E34931162518538A0038F860 /* BranchContentPathProperties.h */,
				E349316F2518538A0038F860 /* BranchContentPathProperties.m */,
				E349310E2518538A0038F860 /* BranchCPIDRequest.h */,
				E349314B2518538A0038F860 /* BranchCPIDRequest.m */,
				E349311A2518538A0038F860 /* BranchCreditHistoryRequest.h */,
				E34931682518538A0038F860 /* BranchCreditHistoryRequest.m */,
				E349312D2518538A0038F860 /* BranchCrossPlatformID.h */,
				E34931842518538A0038F860 /* BranchCrossPlatformID.m */,
				E349310C2518538A0038F860 /* BranchCSSearchableItemAttributeSet.h */,
				E349314E2518538A0038F860 /* BranchCSSearchableItemAttributeSet.m */,
				E34931652518538A0038F860 /* BranchDeepLinkingController.h */,
				E34930FF2518538A0038F860 /* BranchDelegate.h */,
				E349315C2518538A0038F860 /* BranchDelegate.m */,
				E34931492518538A0038F860 /* BranchEvent.h */,
				E349318A2518538A0038F860 /* BranchEvent.m */,
				E349316E2518538A0038F860 /* BranchInstallRequest.h */,
				E34931172518538A0038F860 /* BranchInstallRequest.m */,
				E349311F2518538A0038F860 /* BranchLastAttributedTouchData.h */,
				E34931662518538A0038F860 /* BranchLastAttributedTouchData.m */,
				E349318D2518538A0038F860 /* BranchLATDRequest.h */,
				E34931462518538A0038F860 /* BranchLATDRequest.m */,
				E34931102518538A0038F860 /* BranchLinkProperties.h */,
				E34931722518538A0038F860 /* BranchLinkProperties.m */,
				E34931912518538A0038F860 /* BranchLoadRewardsRequest.h */,
				E34931422518538A0038F860 /* BranchLoadRewardsRequest.m */,
				E349314C2518538A0038F860 /* BranchLogoutRequest.h */,
				E349310D2518538A0038F860 /* BranchLogoutRequest.m */,
				E34931472518538A0038F860 /* BranchOpenRequest.h */,
				E349318C2518538A0038F860 /* BranchOpenRequest.m */,
				E34931352518538A0038F860 /* BranchRedeemRewardsRequest.h */,
				E349317C2518538A0038F860 /* BranchRedeemRewardsRequest.m */,
				E34931642518538A0038F860 /* BranchRegisterViewRequest.h */,
				E34931212518538A0038F860 /* BranchRegisterViewRequest.m */,
				E34931742518538A0038F860 /* BranchScene.h */,
				E34931132518538A0038F860 /* BranchScene.m */,
				E349316B2518538A0038F860 /* BranchSetIdentityRequest.h */,
				E349311C2518538A0038F860 /* BranchSetIdentityRequest.m */,
				E349312E2518538A0038F860 /* BranchShareLink.h */,
				E34931832518538A0038F860 /* BranchShareLink.m */,
				E34931482518538A0038F860 /* BranchShortUrlRequest.h */,
				E349318B2518538A0038F860 /* BranchShortUrlRequest.m */,
				E34931432518538A0038F860 /* BranchShortUrlSyncRequest.h */,
				E34931902518538A0038F860 /* BranchShortUrlSyncRequest.m */,
				E349317E2518538A0038F860 /* BranchSpotlightUrlRequest.h */,
				E34931362518538A0038F860 /* BranchSpotlightUrlRequest.m */,
				E34931552518538A0038F860 /* BranchUniversalObject.h */,
				E34931052518538A0038F860 /* BranchUniversalObject.m */,
				E34931632518538A0038F860 /* BranchUserCompletedActionRequest.h */,
				E34931202518538A0038F860 /* BranchUserCompletedActionRequest.m */,
				E349315A2518538A0038F860 /* NSError+Branch.h */,
				E34931002518538A0038F860 /* NSError+Branch.m */,
				E34931532518538A0038F860 /* NSMutableDictionary+Branch.h */,
				E34931082518538A0038F860 /* NSMutableDictionary+Branch.m */,
				E349316D2518538A0038F860 /* NSString+Branch.h */,
				E34931182518538A0038F860 /* NSString+Branch.m */,
				E349312C2518538A0038F860 /* UIViewController+Branch.h */,
				E34931852518538A0038F860 /* UIViewController+Branch.m */,
			);
			path = "Branch-SDK";
			sourceTree = "<group>";
		};
		E3EC9BF62328A50E007597DD /* libs */ = {
			isa = PBXGroup;
			children = (
				E34930FC2518538A0038F860 /* Branch-SDK */,
			);
			path = libs;
			sourceTree = "<group>";
		};
		E3F4A7A7153D8C110057A446 = {
			isa = PBXGroup;
			children = (
				E3F4A7B7153D8C110057A446 /* Branch */,
				E3F4A7B4153D8C110057A446 /* Frameworks */,
				E3F4A7B3153D8C110057A446 /* Products */,
			);
			sourceTree = "<group>";
		};
		E3F4A7B3153D8C110057A446 /* Products */ = {
			isa = PBXGroup;
			children = (
				E3F4A7B2153D8C110057A446 /* libBranch.a */,
			);
			name = Products;
			sourceTree = "<group>";
		};
		E3F4A7B4153D8C110057A446 /* Frameworks */ = {
			isa = PBXGroup;
			children = (
				E34930F8251853150038F860 /* CoreNativeExtension.xcframework */,
				E3AA460723F16D1100D99E69 /* CoreTelephony.framework */,
				E33692DA17CF44850021F35A /* UIKit.framework */,
				E3F4A7B5153D8C110057A446 /* Foundation.framework */,
			);
			name = Frameworks;
			sourceTree = "<group>";
		};
		E3F4A7B7153D8C110057A446 /* Branch */ = {
			isa = PBXGroup;
			children = (
				E3F4A7BB153D8C110057A446 /* Branch.m */,
				E34D85B81BB0D88D000DA3F9 /* BIOBranchExtensionContext.h */,
				E34D85B91BB0D88D000DA3F9 /* BIOBranchExtensionContext.m */,
				E33E7EBC211447900088FA15 /* events */,
				E3244A991FAC0B8700EB5924 /* controller */,
				E3F4A7B8153D8C110057A446 /* Supporting Files */,
				E33ED8A91BBD15AE00D23A8C /* BIOBranchContext.h */,
				E341442B2102F0C400FA0F27 /* BIOTypeConversion.h */,
				E341442E2102F0C400FA0F27 /* BIOTypeConversion.m */,
				E3EC9BF62328A50E007597DD /* libs */,
			);
			path = Branch;
			sourceTree = "<group>";
		};
		E3F4A7B8153D8C110057A446 /* Supporting Files */ = {
			isa = PBXGroup;
			children = (
				E34D85B21BB0D81B000DA3F9 /* BIOBranchTag.h */,
				E3F4A7C2153D8C4A0057A446 /* FlashRuntimeExtensions.h */,
				E3F4A7B9153D8C110057A446 /* Branch-Prefix.pch */,
			);
			name = "Supporting Files";
			sourceTree = "<group>";
		};
/* End PBXGroup section */

/* Begin PBXHeadersBuildPhase section */
		E3F4A7B0153D8C110057A446 /* Headers */ = {
			isa = PBXHeadersBuildPhase;
			buildActionMask = 2147483647;
			files = (
				E33E7EBF211447BC0088FA15 /* BIOBranchEvent.h in Headers */,
				E34931F02518538A0038F860 /* BNCUserAgentCollector.h in Headers */,
				E34932142518538A0038F860 /* BNCAppleSearchAds.h in Headers */,
				E349320E2518538A0038F860 /* BranchScene.h in Headers */,
				E3493236251857C30038F860 /* BIOBranchUniversalObjectEvent.h in Headers */,
				E34D85BA1BB0D88D000DA3F9 /* BIOBranchExtensionContext.h in Headers */,
				E34931B92518538A0038F860 /* BranchLastAttributedTouchData.h in Headers */,
				E34931F42518538A0038F860 /* NSError+Branch.h in Headers */,
				E34932202518538A0038F860 /* BranchCloseRequest.h in Headers */,
				E34931C42518538A0038F860 /* BNCAppleAdClient.h in Headers */,
				E34931A52518538A0038F860 /* BranchActivityItemProvider.h in Headers */,
				E3244A9C1FAC0B8700EB5924 /* BIOBranchController.h in Headers */,
				E34931D92518538A0038F860 /* BNCCallbackMap.h in Headers */,
				E34932032518538A0038F860 /* BNCSystemObserver.h in Headers */,
				E34931992518538A0038F860 /* BranchDelegate.h in Headers */,
				E34931C62518538A0038F860 /* UIViewController+Branch.h in Headers */,
				E34931FF2518538A0038F860 /* BranchDeepLinkingController.h in Headers */,
				E34932112518538A0038F860 /* BNCDeviceInfo.h in Headers */,
				E34932292518538A0038F860 /* BNCServerInterface.h in Headers */,
				E34144302102F0C400FA0F27 /* BIOTypeConversion.h in Headers */,
				E34931C12518538A0038F860 /* BNCServerResponse.h in Headers */,
				E349322B2518538A0038F860 /* BranchLoadRewardsRequest.h in Headers */,
				E349323C25198EC30038F860 /* BIOBranchUniversalObjectUtils.h in Headers */,
				E349320A2518538A0038F860 /* Branch+Validator.h in Headers */,
				E349320D2518538A0038F860 /* BNCDeepLinkViewControllerInstance.h in Headers */,
				E3F4A7C3153D8C4A0057A446 /* FlashRuntimeExtensions.h in Headers */,
				E34931CC2518538A0038F860 /* BNCSpotlightService.h in Headers */,
				E34931E42518538A0038F860 /* BNCNetworkServiceProtocol.h in Headers */,
				E34931C02518538A0038F860 /* Branch.h in Headers */,
				E34931A62518538A0038F860 /* BranchCSSearchableItemAttributeSet.h in Headers */,
				E34931C32518538A0038F860 /* BNCCallbacks.h in Headers */,
				E349321B2518538A0038F860 /* BranchConstants.h in Headers */,
				E34932192518538A0038F860 /* BranchContentDiscoveryManifest.h in Headers */,
				E34931972518538A0038F860 /* BNCTuneUtility.h in Headers */,
				E349319B2518538A0038F860 /* BNCKeyChain.h in Headers */,
				E34931B72518538A0038F860 /* BNCSKAdNetwork.h in Headers */,
				E33E7EC321144A750088FA15 /* BIOBranchCreditsEvent.h in Headers */,
				E34932302518538A0038F860 /* BNCReachability.h in Headers */,
				E34931FC2518538A0038F860 /* BNCNetworkInterface.h in Headers */,
				E34931AA2518538A0038F860 /* BranchLinkProperties.h in Headers */,
				E34931A82518538A0038F860 /* BranchCPIDRequest.h in Headers */,
				E30005BC210C771D007E6CF2 /* BIOBranchOptions.h in Headers */,
				E34932052518538A0038F860 /* BranchSetIdentityRequest.h in Headers */,
				E34932082518538A0038F860 /* BranchInstallRequest.h in Headers */,
				E34931F22518538A0038F860 /* BNCEncodingUtils.h in Headers */,
				E34931D62518538A0038F860 /* BNCInitSessionResponse.h in Headers */,
				E34931EE2518538A0038F860 /* BNCDeviceSystem.h in Headers */,
				E33ED8AA1BBD15AE00D23A8C /* BIOBranchContext.h in Headers */,
				E34932272518538A0038F860 /* BranchLATDRequest.h in Headers */,
				E34931ED2518538A0038F860 /* NSMutableDictionary+Branch.h in Headers */,
				E34931F12518538A0038F860 /* BNCFacebookAppLinks.h in Headers */,
				E34931EA2518538A0038F860 /* BNCServerRequestQueue.h in Headers */,
				E34931EF2518538A0038F860 /* BranchUniversalObject.h in Headers */,
				E349322E2518538A0038F860 /* BNCURLBlackList.h in Headers */,
				E34931E72518538A0038F860 /* BNCDebug.h in Headers */,
				E34931C82518538A0038F860 /* BranchShareLink.h in Headers */,
				E34931EC2518538A0038F860 /* BNCApplication.h in Headers */,
				E34931A42518538A0038F860 /* BNCTelephony.h in Headers */,
				E34931DB2518538A0038F860 /* BNCLocalization.h in Headers */,
				E34931E12518538A0038F860 /* BranchOpenRequest.h in Headers */,
				E34932282518538A0038F860 /* BNCCrashlyticsWrapper.h in Headers */,
				E34931C72518538A0038F860 /* BranchCrossPlatformID.h in Headers */,
				E34931C92518538A0038F860 /* BNCFieldDefines.h in Headers */,
				E34932132518538A0038F860 /* BNCLog.h in Headers */,
				E34931B42518538A0038F860 /* BranchCreditHistoryRequest.h in Headers */,
				E34931982518538A0038F860 /* BNCLinkData.h in Headers */,
				E34931DD2518538A0038F860 /* BranchShortUrlSyncRequest.h in Headers */,
				E34932152518538A0038F860 /* BranchContentDiscoverer.h in Headers */,
				E34931CF2518538A0038F860 /* BranchRedeemRewardsRequest.h in Headers */,
				E34932072518538A0038F860 /* NSString+Branch.h in Headers */,
				E34D85B31BB0D81B000DA3F9 /* BIOBranchTag.h in Headers */,
				E34932222518538A0038F860 /* BNCPreferenceHelper.h in Headers */,
				E34931BE2518538A0038F860 /* BNCAvailability.h in Headers */,
				E34931E62518538A0038F860 /* BranchLogoutRequest.h in Headers */,
				E34932042518538A0038F860 /* BNCCommerceEvent.h in Headers */,
				E349320F2518538A0038F860 /* BNCContentDiscoveryManager.h in Headers */,
				E34931E32518538A0038F860 /* BranchEvent.h in Headers */,
				E349322F2518538A0038F860 /* BNCNetworkService.h in Headers */,
				E34931FE2518538A0038F860 /* BranchRegisterViewRequest.h in Headers */,
				E34932172518538A0038F860 /* BNCLocale.h in Headers */,
				E34931FD2518538A0038F860 /* BranchUserCompletedActionRequest.h in Headers */,
				E34931E22518538A0038F860 /* BranchShortUrlRequest.h in Headers */,
				E349321A2518538A0038F860 /* BNCConfig.h in Headers */,
				E34931FB2518538A0038F860 /* BNCServerRequest.h in Headers */,
				E34931B02518538A0038F860 /* BranchContentPathProperties.h in Headers */,
				E34932012518538A0038F860 /* BNCThreads.h in Headers */,
				E34931D52518538A0038F860 /* BNCLinkCache.h in Headers */,
				E34932182518538A0038F860 /* BranchSpotlightUrlRequest.h in Headers */,
				E34931BF2518538A0038F860 /* BNCJSONUtility.h in Headers */,
				E34931AB2518538A0038F860 /* BNCAppleReceipt.h in Headers */,
			);
			runOnlyForDeploymentPostprocessing = 0;
		};
/* End PBXHeadersBuildPhase section */

/* Begin PBXNativeTarget section */
		E3F4A7B1153D8C110057A446 /* Branch */ = {
			isa = PBXNativeTarget;
			buildConfigurationList = E3F4A7BF153D8C110057A446 /* Build configuration list for PBXNativeTarget "Branch" */;
			buildPhases = (
				E3F4A7AE153D8C110057A446 /* Sources */,
				E3F4A7AF153D8C110057A446 /* Frameworks */,
				E3F4A7B0153D8C110057A446 /* Headers */,
			);
			buildRules = (
			);
			dependencies = (
			);
			name = Branch;
			productName = Branch;
			productReference = E3F4A7B2153D8C110057A446 /* libBranch.a */;
			productType = "com.apple.product-type.library.static";
		};
/* End PBXNativeTarget section */

/* Begin PBXProject section */
		E3F4A7A9153D8C110057A446 /* Project object */ = {
			isa = PBXProject;
			attributes = {
				LastUpgradeCheck = 1200;
				ORGANIZATIONNAME = distriqt;
			};
			buildConfigurationList = E3F4A7AC153D8C110057A446 /* Build configuration list for PBXProject "Branch" */;
			compatibilityVersion = "Xcode 3.2";
			developmentRegion = en;
			hasScannedForEncodings = 0;
			knownRegions = (
				en,
				Base,
			);
			mainGroup = E3F4A7A7153D8C110057A446;
			productRefGroup = E3F4A7B3153D8C110057A446 /* Products */;
			projectDirPath = "";
			projectRoot = "";
			targets = (
				E3F4A7B1153D8C110057A446 /* Branch */,
			);
		};
/* End PBXProject section */

/* Begin PBXSourcesBuildPhase section */
		E3F4A7AE153D8C110057A446 /* Sources */ = {
			isa = PBXSourcesBuildPhase;
			buildActionMask = 2147483647;
			files = (
				E34931D72518538A0038F860 /* BNCNetworkService.m in Sources */,
				E3F4A7BC153D8C110057A446 /* Branch.m in Sources */,
				E34931BC2518538A0038F860 /* BNCServerRequest.m in Sources */,
				E34931CD2518538A0038F860 /* BranchContentDiscoveryManifest.m in Sources */,
				E349321E2518538A0038F860 /* BranchCrossPlatformID.m in Sources */,
				E349319D2518538A0038F860 /* BNCFacebookAppLinks.m in Sources */,
				E34931C22518538A0038F860 /* BNCPreferenceHelper.m in Sources */,
				E34931D82518538A0038F860 /* BNCReachability.m in Sources */,
				E34931B12518538A0038F860 /* BranchInstallRequest.m in Sources */,
				E30005BD210C771D007E6CF2 /* BIOBranchOptions.m in Sources */,
				E34931CA2518538A0038F860 /* BNCConfig.m in Sources */,
				E34932232518538A0038F860 /* BNCServerResponse.m in Sources */,
				E349322C2518538A0038F860 /* BNCLocalization.m in Sources */,
				E34931A72518538A0038F860 /* BranchLogoutRequest.m in Sources */,
				E34931AE2518538A0038F860 /* BNCContentDiscoveryManager.m in Sources */,
				E34144332102F0C400FA0F27 /* BIOTypeConversion.m in Sources */,
				E34931D02518538A0038F860 /* BranchSpotlightUrlRequest.m in Sources */,
				E34931DC2518538A0038F860 /* BranchLoadRewardsRequest.m in Sources */,
				E34D85BB1BB0D88D000DA3F9 /* BIOBranchExtensionContext.m in Sources */,
				E349323D25198EC30038F860 /* BIOBranchUniversalObjectUtils.m in Sources */,
				E34932122518538A0038F860 /* BNCLinkCache.m in Sources */,
				E349320C2518538A0038F860 /* BranchLinkProperties.m in Sources */,
				E34931A02518538A0038F860 /* BNCApplication.m in Sources */,
				E34931B52518538A0038F860 /* BNCCommerceEvent.m in Sources */,
				E34932252518538A0038F860 /* BranchShortUrlRequest.m in Sources */,
				E34931F92518538A0038F860 /* BNCAvailability.m in Sources */,
				E34931C52518538A0038F860 /* BranchCloseRequest.m in Sources */,
				E34932212518538A0038F860 /* BNCAppleAdClient.m in Sources */,
				E34931D12518538A0038F860 /* BNCLog.m in Sources */,
				E34932242518538A0038F860 /* BranchEvent.m in Sources */,
				E34931B62518538A0038F860 /* BranchSetIdentityRequest.m in Sources */,
				E34931AF2518538A0038F860 /* Branch+Validator.m in Sources */,
				E349322D2518538A0038F860 /* BNCCallbackMap.m in Sources */,
				E33E7EC421144A750088FA15 /* BIOBranchCreditsEvent.m in Sources */,
				E3244A9D1FAC0B8700EB5924 /* BIOBranchController.m in Sources */,
				E349319E2518538A0038F860 /* BNCEncodingUtils.m in Sources */,
				E34931CB2518538A0038F860 /* BranchConstants.m in Sources */,
				E34931D32518538A0038F860 /* BranchContentDiscoverer.m in Sources */,
				E349319F2518538A0038F860 /* BranchUniversalObject.m in Sources */,
				E34931A32518538A0038F860 /* BNCServerRequestQueue.m in Sources */,
				E34931CE2518538A0038F860 /* BNCLocale.m in Sources */,
				E34931F52518538A0038F860 /* BNCTuneUtility.m in Sources */,
				E34931D42518538A0038F860 /* BNCDeviceInfo.m in Sources */,
				E349321F2518538A0038F860 /* UIViewController+Branch.m in Sources */,
				E34931DE2518538A0038F860 /* BNCCrashlyticsWrapper.m in Sources */,
				E34931AD2518538A0038F860 /* BranchScene.m in Sources */,
				E34931BA2518538A0038F860 /* BranchUserCompletedActionRequest.m in Sources */,
				E349321C2518538A0038F860 /* BNCSpotlightService.m in Sources */,
				E34931EB2518538A0038F860 /* BNCTelephony.m in Sources */,
				E34931A12518538A0038F860 /* BNCDeviceSystem.m in Sources */,
				E34932092518538A0038F860 /* BranchContentPathProperties.m in Sources */,
				E34932022518538A0038F860 /* BranchCreditHistoryRequest.m in Sources */,
				E34931F62518538A0038F860 /* BranchDelegate.m in Sources */,
				E34931F32518538A0038F860 /* BNCKeyChain.m in Sources */,
				E34932162518538A0038F860 /* BranchRedeemRewardsRequest.m in Sources */,
				E34931DF2518538A0038F860 /* BNCServerInterface.m in Sources */,
				E34931F82518538A0038F860 /* Branch.m in Sources */,
				E34932062518538A0038F860 /* BNCSKAdNetwork.m in Sources */,
				E34931A92518538A0038F860 /* BNCDebug.m in Sources */,
				E349319C2518538A0038F860 /* BNCUserAgentCollector.m in Sources */,
				E349321D2518538A0038F860 /* BranchShareLink.m in Sources */,
				E34931B82518538A0038F860 /* BNCThreads.m in Sources */,
				E34931E92518538A0038F860 /* BranchActivityItemProvider.m in Sources */,
				E349320B2518538A0038F860 /* BNCAppleReceipt.m in Sources */,
				E34931E52518538A0038F860 /* BranchCPIDRequest.m in Sources */,
				E34931F72518538A0038F860 /* BNCLinkData.m in Sources */,
				E34932262518538A0038F860 /* BranchOpenRequest.m in Sources */,
				E34931BB2518538A0038F860 /* BranchRegisterViewRequest.m in Sources */,
				E34932002518538A0038F860 /* BranchLastAttributedTouchData.m in Sources */,
				E34931D22518538A0038F860 /* BNCAppleSearchAds.m in Sources */,
				E34931A22518538A0038F860 /* NSMutableDictionary+Branch.m in Sources */,
				E34931DA2518538A0038F860 /* BNCURLBlackList.m in Sources */,
				E34931B32518538A0038F860 /* BNCSystemObserver.m in Sources */,
				E34931E02518538A0038F860 /* BranchLATDRequest.m in Sources */,
				E33E7EC0211447BC0088FA15 /* BIOBranchEvent.m in Sources */,
				E34932102518538A0038F860 /* BNCInitSessionResponse.m in Sources */,
				E34931B22518538A0038F860 /* NSString+Branch.m in Sources */,
				E34931E82518538A0038F860 /* BranchCSSearchableItemAttributeSet.m in Sources */,
				E349319A2518538A0038F860 /* NSError+Branch.m in Sources */,
				E3493237251857C30038F860 /* BIOBranchUniversalObjectEvent.m in Sources */,
				E34931BD2518538A0038F860 /* BNCNetworkInterface.m in Sources */,
				E349322A2518538A0038F860 /* BranchShortUrlSyncRequest.m in Sources */,
				E34931FA2518538A0038F860 /* BNCJSONUtility.m in Sources */,
				E34931AC2518538A0038F860 /* BNCDeepLinkViewControllerInstance.m in Sources */,
			);
			runOnlyForDeploymentPostprocessing = 0;
		};
/* End PBXSourcesBuildPhase section */

/* Begin XCBuildConfiguration section */
		E3F4A7BD153D8C110057A446 /* Debug */ = {
			isa = XCBuildConfiguration;
			buildSettings = {
				ALWAYS_SEARCH_USER_PATHS = NO;
				CLANG_ANALYZER_LOCALIZABILITY_NONLOCALIZED = YES;
				CLANG_ENABLE_OBJC_ARC = YES;
				CLANG_WARN_BLOCK_CAPTURE_AUTORELEASING = YES;
				CLANG_WARN_BOOL_CONVERSION = YES;
				CLANG_WARN_COMMA = YES;
				CLANG_WARN_CONSTANT_CONVERSION = YES;
				CLANG_WARN_DEPRECATED_OBJC_IMPLEMENTATIONS = YES;
				CLANG_WARN_EMPTY_BODY = YES;
				CLANG_WARN_ENUM_CONVERSION = YES;
				CLANG_WARN_INFINITE_RECURSION = YES;
				CLANG_WARN_INT_CONVERSION = YES;
				CLANG_WARN_NON_LITERAL_NULL_CONVERSION = YES;
				CLANG_WARN_OBJC_IMPLICIT_RETAIN_SELF = YES;
				CLANG_WARN_OBJC_LITERAL_CONVERSION = YES;
				CLANG_WARN_QUOTED_INCLUDE_IN_FRAMEWORK_HEADER = YES;
				CLANG_WARN_RANGE_LOOP_ANALYSIS = YES;
				CLANG_WARN_STRICT_PROTOTYPES = YES;
				CLANG_WARN_SUSPICIOUS_MOVE = YES;
				CLANG_WARN_UNREACHABLE_CODE = YES;
				CLANG_WARN__DUPLICATE_METHOD_MATCH = YES;
				COPY_PHASE_STRIP = NO;
				ENABLE_STRICT_OBJC_MSGSEND = YES;
				ENABLE_TESTABILITY = YES;
				GCC_C_LANGUAGE_STANDARD = gnu99;
				GCC_NO_COMMON_BLOCKS = YES;
				GCC_OPTIMIZATION_LEVEL = 0;
				GCC_PREPROCESSOR_DEFINITIONS = (
					"DEBUG=1",
					"$(inherited)",
				);
				GCC_SYMBOLS_PRIVATE_EXTERN = NO;
				GCC_THUMB_SUPPORT = NO;
				GCC_VERSION = com.apple.compilers.llvm.clang.1_0;
				GCC_WARN_64_TO_32_BIT_CONVERSION = YES;
				GCC_WARN_ABOUT_RETURN_TYPE = YES;
				GCC_WARN_UNDECLARED_SELECTOR = YES;
				GCC_WARN_UNINITIALIZED_AUTOS = YES;
				GCC_WARN_UNUSED_FUNCTION = YES;
				GCC_WARN_UNUSED_VARIABLE = YES;
				IPHONEOS_DEPLOYMENT_TARGET = 9.0;
				ONLY_ACTIVE_ARCH = YES;
				SDKROOT = iphoneos;
			};
			name = Debug;
		};
		E3F4A7BE153D8C110057A446 /* Release */ = {
			isa = XCBuildConfiguration;
			buildSettings = {
				ALWAYS_SEARCH_USER_PATHS = NO;
				CLANG_ANALYZER_LOCALIZABILITY_NONLOCALIZED = YES;
				CLANG_ENABLE_OBJC_ARC = YES;
				CLANG_WARN_BLOCK_CAPTURE_AUTORELEASING = YES;
				CLANG_WARN_BOOL_CONVERSION = YES;
				CLANG_WARN_COMMA = YES;
				CLANG_WARN_CONSTANT_CONVERSION = YES;
				CLANG_WARN_DEPRECATED_OBJC_IMPLEMENTATIONS = YES;
				CLANG_WARN_EMPTY_BODY = YES;
				CLANG_WARN_ENUM_CONVERSION = YES;
				CLANG_WARN_INFINITE_RECURSION = YES;
				CLANG_WARN_INT_CONVERSION = YES;
				CLANG_WARN_NON_LITERAL_NULL_CONVERSION = YES;
				CLANG_WARN_OBJC_IMPLICIT_RETAIN_SELF = YES;
				CLANG_WARN_OBJC_LITERAL_CONVERSION = YES;
				CLANG_WARN_QUOTED_INCLUDE_IN_FRAMEWORK_HEADER = YES;
				CLANG_WARN_RANGE_LOOP_ANALYSIS = YES;
				CLANG_WARN_STRICT_PROTOTYPES = YES;
				CLANG_WARN_SUSPICIOUS_MOVE = YES;
				CLANG_WARN_UNREACHABLE_CODE = YES;
				CLANG_WARN__DUPLICATE_METHOD_MATCH = YES;
				COPY_PHASE_STRIP = YES;
				ENABLE_STRICT_OBJC_MSGSEND = YES;
				GCC_C_LANGUAGE_STANDARD = gnu99;
				GCC_NO_COMMON_BLOCKS = YES;
				GCC_THUMB_SUPPORT = NO;
				GCC_VERSION = com.apple.compilers.llvm.clang.1_0;
				GCC_WARN_64_TO_32_BIT_CONVERSION = YES;
				GCC_WARN_ABOUT_RETURN_TYPE = YES;
				GCC_WARN_UNDECLARED_SELECTOR = YES;
				GCC_WARN_UNINITIALIZED_AUTOS = YES;
				GCC_WARN_UNUSED_FUNCTION = YES;
				GCC_WARN_UNUSED_VARIABLE = YES;
				IPHONEOS_DEPLOYMENT_TARGET = 9.0;
				SDKROOT = iphoneos;
				VALIDATE_PRODUCT = YES;
			};
			name = Release;
		};
		E3F4A7C0153D8C110057A446 /* Debug */ = {
			isa = XCBuildConfiguration;
			buildSettings = {
				DSTROOT = /tmp/Branch.dst;
				FRAMEWORK_SEARCH_PATHS = (
					"$(inherited)",
					"/Users/marchbold/work/distriqt/extensions/supportlibs/corelibraries/platform/ios/build/Release-iphoneos",
					"$(PROJECT_DIR)/libs",
				);
				GCC_PRECOMPILE_PREFIX_HEADER = YES;
				GCC_PREFIX_HEADER = "Branch/Branch-Prefix.pch";
				GCC_THUMB_SUPPORT = NO;
				OTHER_LDFLAGS = "-ObjC";
				PRODUCT_NAME = "$(TARGET_NAME)";
				SKIP_INSTALL = YES;
			};
			name = Debug;
		};
		E3F4A7C1153D8C110057A446 /* Release */ = {
			isa = XCBuildConfiguration;
			buildSettings = {
				DSTROOT = /tmp/Branch.dst;
				FRAMEWORK_SEARCH_PATHS = (
					"$(inherited)",
					"/Users/marchbold/work/distriqt/extensions/supportlibs/corelibraries/platform/ios/build/Release-iphoneos",
					"$(PROJECT_DIR)/libs",
				);
				GCC_PRECOMPILE_PREFIX_HEADER = YES;
				GCC_PREFIX_HEADER = "Branch/Branch-Prefix.pch";
				GCC_THUMB_SUPPORT = NO;
				OTHER_LDFLAGS = "-ObjC";
				PRODUCT_NAME = "$(TARGET_NAME)";
				SKIP_INSTALL = YES;
			};
			name = Release;
		};
/* End XCBuildConfiguration section */

/* Begin XCConfigurationList section */
		E3F4A7AC153D8C110057A446 /* Build configuration list for PBXProject "Branch" */ = {
			isa = XCConfigurationList;
			buildConfigurations = (
				E3F4A7BD153D8C110057A446 /* Debug */,
				E3F4A7BE153D8C110057A446 /* Release */,
			);
			defaultConfigurationIsVisible = 0;
			defaultConfigurationName = Release;
		};
		E3F4A7BF153D8C110057A446 /* Build configuration list for PBXNativeTarget "Branch" */ = {
			isa = XCConfigurationList;
			buildConfigurations = (
				E3F4A7C0153D8C110057A446 /* Debug */,
				E3F4A7C1153D8C110057A446 /* Release */,
			);
			defaultConfigurationIsVisible = 0;
			defaultConfigurationName = Release;
		};
/* End XCConfigurationList section */
	};
	rootObject = E3F4A7A9153D8C110057A446 /* Project object */;
}
